// !$*UTF8*$!
{
	archiveVersion = 1;
	classes = {
	};
	objectVersion = 56;
	objects = {

/* Begin PBXBuildFile section */
		101B0ED22B5720650074B0E6 /* FlowerRecognitionViewController.swift in Sources */ = {isa = PBXBuildFile; fileRef = 101B0ED12B5720650074B0E6 /* FlowerRecognitionViewController.swift */; };
		101B0ED42B5720800074B0E6 /* MyGardenViewController.swift in Sources */ = {isa = PBXBuildFile; fileRef = 101B0ED32B5720800074B0E6 /* MyGardenViewController.swift */; };
		101B0ED62B5721160074B0E6 /* HomeView.swift in Sources */ = {isa = PBXBuildFile; fileRef = 101B0ED52B5721160074B0E6 /* HomeView.swift */; };
		101B0ED92B5722C00074B0E6 /* TabBarController.swift in Sources */ = {isa = PBXBuildFile; fileRef = 101B0ED82B5722C00074B0E6 /* TabBarController.swift */; };
		101B0EDB2B5729FA0074B0E6 /* ContentView.swift in Sources */ = {isa = PBXBuildFile; fileRef = 101B0EDA2B5729FA0074B0E6 /* ContentView.swift */; };
		10595A862B5734FC00419366 /* OnboardingView.swift in Sources */ = {isa = PBXBuildFile; fileRef = 10595A852B5734FC00419366 /* OnboardingView.swift */; };
		10595A882B57372A00419366 /* WelcomeView.swift in Sources */ = {isa = PBXBuildFile; fileRef = 10595A872B57372A00419366 /* WelcomeView.swift */; };
		10595A8A2B57379D00419366 /* Color.swift in Sources */ = {isa = PBXBuildFile; fileRef = 10595A892B57379D00419366 /* Color.swift */; };
		10595A8D2B573A2300419366 /* OnboardingButtonComponentView.swift in Sources */ = {isa = PBXBuildFile; fileRef = 10595A8C2B573A2300419366 /* OnboardingButtonComponentView.swift */; };
		1062DB0F2B567FA3001B5AEE /* AppDelegate.swift in Sources */ = {isa = PBXBuildFile; fileRef = 1062DB0E2B567FA3001B5AEE /* AppDelegate.swift */; };
		1062DB112B567FA3001B5AEE /* SceneDelegate.swift in Sources */ = {isa = PBXBuildFile; fileRef = 1062DB102B567FA3001B5AEE /* SceneDelegate.swift */; };
		1062DB182B567FA4001B5AEE /* Assets.xcassets in Resources */ = {isa = PBXBuildFile; fileRef = 1062DB172B567FA4001B5AEE /* Assets.xcassets */; };
		1062DB1B2B567FA4001B5AEE /* LaunchScreen.storyboard in Resources */ = {isa = PBXBuildFile; fileRef = 1062DB192B567FA4001B5AEE /* LaunchScreen.storyboard */; };
		1062DB2C2B569608001B5AEE /* NetworkManager in Frameworks */ = {isa = PBXBuildFile; productRef = 1062DB2B2B569608001B5AEE /* NetworkManager */; };
/* End PBXBuildFile section */

/* Begin PBXFileReference section */
		101B0ED12B5720650074B0E6 /* FlowerRecognitionViewController.swift */ = {isa = PBXFileReference; lastKnownFileType = sourcecode.swift; path = FlowerRecognitionViewController.swift; sourceTree = "<group>"; };
		101B0ED32B5720800074B0E6 /* MyGardenViewController.swift */ = {isa = PBXFileReference; lastKnownFileType = sourcecode.swift; path = MyGardenViewController.swift; sourceTree = "<group>"; };
		101B0ED52B5721160074B0E6 /* HomeView.swift */ = {isa = PBXFileReference; lastKnownFileType = sourcecode.swift; path = HomeView.swift; sourceTree = "<group>"; };
		101B0ED82B5722C00074B0E6 /* TabBarController.swift */ = {isa = PBXFileReference; lastKnownFileType = sourcecode.swift; path = TabBarController.swift; sourceTree = "<group>"; };
		101B0EDA2B5729FA0074B0E6 /* ContentView.swift */ = {isa = PBXFileReference; lastKnownFileType = sourcecode.swift; path = ContentView.swift; sourceTree = "<group>"; };
		10595A852B5734FC00419366 /* OnboardingView.swift */ = {isa = PBXFileReference; lastKnownFileType = sourcecode.swift; path = OnboardingView.swift; sourceTree = "<group>"; };
		10595A872B57372A00419366 /* WelcomeView.swift */ = {isa = PBXFileReference; lastKnownFileType = sourcecode.swift; path = WelcomeView.swift; sourceTree = "<group>"; };
		10595A892B57379D00419366 /* Color.swift */ = {isa = PBXFileReference; lastKnownFileType = sourcecode.swift; path = Color.swift; sourceTree = "<group>"; };
		10595A8C2B573A2300419366 /* OnboardingButtonComponentView.swift */ = {isa = PBXFileReference; lastKnownFileType = sourcecode.swift; path = OnboardingButtonComponentView.swift; sourceTree = "<group>"; };
		1062DB0B2B567FA3001B5AEE /* GoGreen.app */ = {isa = PBXFileReference; explicitFileType = wrapper.application; includeInIndex = 0; path = GoGreen.app; sourceTree = BUILT_PRODUCTS_DIR; };
		1062DB0E2B567FA3001B5AEE /* AppDelegate.swift */ = {isa = PBXFileReference; lastKnownFileType = sourcecode.swift; path = AppDelegate.swift; sourceTree = "<group>"; };
		1062DB102B567FA3001B5AEE /* SceneDelegate.swift */ = {isa = PBXFileReference; lastKnownFileType = sourcecode.swift; path = SceneDelegate.swift; sourceTree = "<group>"; };
		1062DB172B567FA4001B5AEE /* Assets.xcassets */ = {isa = PBXFileReference; lastKnownFileType = folder.assetcatalog; path = Assets.xcassets; sourceTree = "<group>"; };
		1062DB1A2B567FA4001B5AEE /* Base */ = {isa = PBXFileReference; lastKnownFileType = file.storyboard; name = Base; path = Base.lproj/LaunchScreen.storyboard; sourceTree = "<group>"; };
		1062DB1C2B567FA4001B5AEE /* Info.plist */ = {isa = PBXFileReference; lastKnownFileType = text.plist.xml; path = Info.plist; sourceTree = "<group>"; };
/* End PBXFileReference section */

/* Begin PBXFrameworksBuildPhase section */
		1062DB082B567FA3001B5AEE /* Frameworks */ = {
			isa = PBXFrameworksBuildPhase;
			buildActionMask = 2147483647;
			files = (
				1062DB2C2B569608001B5AEE /* NetworkManager in Frameworks */,
			);
			runOnlyForDeploymentPostprocessing = 0;
		};
/* End PBXFrameworksBuildPhase section */

/* Begin PBXGroup section */
		101B0ECA2B571FFD0074B0E6 /* MyGarden */ = {
			isa = PBXGroup;
			children = (
				101B0ED32B5720800074B0E6 /* MyGardenViewController.swift */,
			);
			path = MyGarden;
			sourceTree = "<group>";
		};
		101B0ECB2B5720060074B0E6 /* FlowerRecognition */ = {
			isa = PBXGroup;
			children = (
				101B0ED12B5720650074B0E6 /* FlowerRecognitionViewController.swift */,
			);
			path = FlowerRecognition;
			sourceTree = "<group>";
		};
		101B0ECC2B5720180074B0E6 /* Home */ = {
			isa = PBXGroup;
			children = (
				101B0EDA2B5729FA0074B0E6 /* ContentView.swift */,
				101B0ED52B5721160074B0E6 /* HomeView.swift */,
			);
			path = Home;
			sourceTree = "<group>";
		};
		101B0ED72B5722A20074B0E6 /* TabBar */ = {
			isa = PBXGroup;
			children = (
				101B0ED82B5722C00074B0E6 /* TabBarController.swift */,
			);
			path = TabBar;
			sourceTree = "<group>";
		};
		10595A842B5734D000419366 /* Onboarding */ = {
			isa = PBXGroup;
			children = (
				10595A852B5734FC00419366 /* OnboardingView.swift */,
				10595A872B57372A00419366 /* WelcomeView.swift */,
			);
			path = Onboarding;
			sourceTree = "<group>";
		};
		10595A8B2B573A0B00419366 /* Swiftui */ = {
			isa = PBXGroup;
			children = (
				10595A8C2B573A2300419366 /* OnboardingButtonComponentView.swift */,
			);
			path = Swiftui;
			sourceTree = "<group>";
		};
		1062DB022B567FA3001B5AEE = {
			isa = PBXGroup;
			children = (
				1062DB0D2B567FA3001B5AEE /* GoGreen */,
				1062DB0C2B567FA3001B5AEE /* Products */,
			);
			sourceTree = "<group>";
		};
		1062DB0C2B567FA3001B5AEE /* Products */ = {
			isa = PBXGroup;
			children = (
				1062DB0B2B567FA3001B5AEE /* GoGreen.app */,
			);
			name = Products;
			sourceTree = "<group>";
		};
		1062DB0D2B567FA3001B5AEE /* GoGreen */ = {
			isa = PBXGroup;
			children = (
				1062DB222B56943A001B5AEE /* Application */,
				1062DB232B56945F001B5AEE /* Scenes */,
				1062DB242B569479001B5AEE /* Components */,
				1062DB252B569496001B5AEE /* Models */,
				1062DB262B5694A6001B5AEE /* Extensions */,
				1062DB282B5694C1001B5AEE /* Managers */,
				1062DB272B5694B7001B5AEE /* Helpers */,
				1062DB292B5695BE001B5AEE /* Resources */,
				1062DB1C2B567FA4001B5AEE /* Info.plist */,
			);
			path = GoGreen;
			sourceTree = "<group>";
		};
		1062DB222B56943A001B5AEE /* Application */ = {
			isa = PBXGroup;
			children = (
				1062DB102B567FA3001B5AEE /* SceneDelegate.swift */,
				1062DB0E2B567FA3001B5AEE /* AppDelegate.swift */,
			);
			path = Application;
			sourceTree = "<group>";
		};
		1062DB232B56945F001B5AEE /* Scenes */ = {
			isa = PBXGroup;
			children = (
				101B0ED72B5722A20074B0E6 /* TabBar */,
				10595A842B5734D000419366 /* Onboarding */,
				101B0ECC2B5720180074B0E6 /* Home */,
				101B0ECB2B5720060074B0E6 /* FlowerRecognition */,
				101B0ECA2B571FFD0074B0E6 /* MyGarden */,
			);
			path = Scenes;
			sourceTree = "<group>";
		};
		1062DB242B569479001B5AEE /* Components */ = {
			isa = PBXGroup;
			children = (
				10595A8B2B573A0B00419366 /* Swiftui */,
			);
			path = Components;
			sourceTree = "<group>";
		};
		1062DB252B569496001B5AEE /* Models */ = {
			isa = PBXGroup;
			children = (
			);
			path = Models;
			sourceTree = "<group>";
		};
		1062DB262B5694A6001B5AEE /* Extensions */ = {
			isa = PBXGroup;
			children = (
				10595A892B57379D00419366 /* Color.swift */,
			);
			path = Extensions;
			sourceTree = "<group>";
		};
		1062DB272B5694B7001B5AEE /* Helpers */ = {
			isa = PBXGroup;
			children = (
			);
			path = Helpers;
			sourceTree = "<group>";
		};
		1062DB282B5694C1001B5AEE /* Managers */ = {
			isa = PBXGroup;
			children = (
			);
			path = Managers;
			sourceTree = "<group>";
		};
		1062DB292B5695BE001B5AEE /* Resources */ = {
			isa = PBXGroup;
			children = (
				1062DB192B567FA4001B5AEE /* LaunchScreen.storyboard */,
				1062DB172B567FA4001B5AEE /* Assets.xcassets */,
			);
			path = Resources;
			sourceTree = "<group>";
		};
/* End PBXGroup section */

/* Begin PBXNativeTarget section */
		1062DB0A2B567FA3001B5AEE /* GoGreen */ = {
			isa = PBXNativeTarget;
			buildConfigurationList = 1062DB1F2B567FA4001B5AEE /* Build configuration list for PBXNativeTarget "GoGreen" */;
			buildPhases = (
				1062DB072B567FA3001B5AEE /* Sources */,
				1062DB082B567FA3001B5AEE /* Frameworks */,
				1062DB092B567FA3001B5AEE /* Resources */,
			);
			buildRules = (
			);
			dependencies = (
			);
			name = GoGreen;
			packageProductDependencies = (
				1062DB2B2B569608001B5AEE /* NetworkManager */,
			);
			productName = GoGreen;
			productReference = 1062DB0B2B567FA3001B5AEE /* GoGreen.app */;
			productType = "com.apple.product-type.application";
		};
/* End PBXNativeTarget section */

/* Begin PBXProject section */
		1062DB032B567FA3001B5AEE /* Project object */ = {
			isa = PBXProject;
			attributes = {
				BuildIndependentTargetsInParallel = 1;
				LastSwiftUpdateCheck = 1500;
				LastUpgradeCheck = 1500;
				TargetAttributes = {
					1062DB0A2B567FA3001B5AEE = {
						CreatedOnToolsVersion = 15.0.1;
					};
				};
			};
			buildConfigurationList = 1062DB062B567FA3001B5AEE /* Build configuration list for PBXProject "GoGreen" */;
			compatibilityVersion = "Xcode 14.0";
			developmentRegion = en;
			hasScannedForEncodings = 0;
			knownRegions = (
				en,
				Base,
			);
			mainGroup = 1062DB022B567FA3001B5AEE;
			packageReferences = (
				1062DB2A2B569608001B5AEE /* XCRemoteSwiftPackageReference "NetworkManager" */,
			);
			productRefGroup = 1062DB0C2B567FA3001B5AEE /* Products */;
			projectDirPath = "";
			projectRoot = "";
			targets = (
				1062DB0A2B567FA3001B5AEE /* GoGreen */,
			);
		};
/* End PBXProject section */

/* Begin PBXResourcesBuildPhase section */
		1062DB092B567FA3001B5AEE /* Resources */ = {
			isa = PBXResourcesBuildPhase;
			buildActionMask = 2147483647;
			files = (
				1062DB1B2B567FA4001B5AEE /* LaunchScreen.storyboard in Resources */,
				1062DB182B567FA4001B5AEE /* Assets.xcassets in Resources */,
			);
			runOnlyForDeploymentPostprocessing = 0;
		};
/* End PBXResourcesBuildPhase section */

/* Begin PBXSourcesBuildPhase section */
		1062DB072B567FA3001B5AEE /* Sources */ = {
			isa = PBXSourcesBuildPhase;
			buildActionMask = 2147483647;
			files = (
				101B0ED22B5720650074B0E6 /* FlowerRecognitionViewController.swift in Sources */,
				101B0EDB2B5729FA0074B0E6 /* ContentView.swift in Sources */,
				101B0ED42B5720800074B0E6 /* MyGardenViewController.swift in Sources */,
				10595A8A2B57379D00419366 /* Color.swift in Sources */,
				101B0ED62B5721160074B0E6 /* HomeView.swift in Sources */,
				10595A882B57372A00419366 /* WelcomeView.swift in Sources */,
				10595A8D2B573A2300419366 /* OnboardingButtonComponentView.swift in Sources */,
				101B0ED92B5722C00074B0E6 /* TabBarController.swift in Sources */,
				10595A862B5734FC00419366 /* OnboardingView.swift in Sources */,
				1062DB0F2B567FA3001B5AEE /* AppDelegate.swift in Sources */,
				1062DB112B567FA3001B5AEE /* SceneDelegate.swift in Sources */,
			);
			runOnlyForDeploymentPostprocessing = 0;
		};
/* End PBXSourcesBuildPhase section */

/* Begin PBXVariantGroup section */
		1062DB192B567FA4001B5AEE /* LaunchScreen.storyboard */ = {
			isa = PBXVariantGroup;
			children = (
				1062DB1A2B567FA4001B5AEE /* Base */,
			);
			name = LaunchScreen.storyboard;
			sourceTree = "<group>";
		};
/* End PBXVariantGroup section */

/* Begin XCBuildConfiguration section */
		1062DB1D2B567FA4001B5AEE /* Debug */ = {
			isa = XCBuildConfiguration;
			buildSettings = {
				ALWAYS_SEARCH_USER_PATHS = NO;
				ASSETCATALOG_COMPILER_GENERATE_SWIFT_ASSET_SYMBOL_EXTENSIONS = YES;
				CLANG_ANALYZER_NONNULL = YES;
				CLANG_ANALYZER_NUMBER_OBJECT_CONVERSION = YES_AGGRESSIVE;
				CLANG_CXX_LANGUAGE_STANDARD = "gnu++20";
				CLANG_ENABLE_MODULES = YES;
				CLANG_ENABLE_OBJC_ARC = YES;
				CLANG_ENABLE_OBJC_WEAK = YES;
				CLANG_WARN_BLOCK_CAPTURE_AUTORELEASING = YES;
				CLANG_WARN_BOOL_CONVERSION = YES;
				CLANG_WARN_COMMA = YES;
				CLANG_WARN_CONSTANT_CONVERSION = YES;
				CLANG_WARN_DEPRECATED_OBJC_IMPLEMENTATIONS = YES;
				CLANG_WARN_DIRECT_OBJC_ISA_USAGE = YES_ERROR;
				CLANG_WARN_DOCUMENTATION_COMMENTS = YES;
				CLANG_WARN_EMPTY_BODY = YES;
				CLANG_WARN_ENUM_CONVERSION = YES;
				CLANG_WARN_INFINITE_RECURSION = YES;
				CLANG_WARN_INT_CONVERSION = YES;
				CLANG_WARN_NON_LITERAL_NULL_CONVERSION = YES;
				CLANG_WARN_OBJC_IMPLICIT_RETAIN_SELF = YES;
				CLANG_WARN_OBJC_LITERAL_CONVERSION = YES;
				CLANG_WARN_OBJC_ROOT_CLASS = YES_ERROR;
				CLANG_WARN_QUOTED_INCLUDE_IN_FRAMEWORK_HEADER = YES;
				CLANG_WARN_RANGE_LOOP_ANALYSIS = YES;
				CLANG_WARN_STRICT_PROTOTYPES = YES;
				CLANG_WARN_SUSPICIOUS_MOVE = YES;
				CLANG_WARN_UNGUARDED_AVAILABILITY = YES_AGGRESSIVE;
				CLANG_WARN_UNREACHABLE_CODE = YES;
				CLANG_WARN__DUPLICATE_METHOD_MATCH = YES;
				COPY_PHASE_STRIP = NO;
				DEBUG_INFORMATION_FORMAT = dwarf;
				ENABLE_STRICT_OBJC_MSGSEND = YES;
				ENABLE_TESTABILITY = YES;
				ENABLE_USER_SCRIPT_SANDBOXING = YES;
				GCC_C_LANGUAGE_STANDARD = gnu17;
				GCC_DYNAMIC_NO_PIC = NO;
				GCC_NO_COMMON_BLOCKS = YES;
				GCC_OPTIMIZATION_LEVEL = 0;
				GCC_PREPROCESSOR_DEFINITIONS = (
					"DEBUG=1",
					"$(inherited)",
				);
				GCC_WARN_64_TO_32_BIT_CONVERSION = YES;
				GCC_WARN_ABOUT_RETURN_TYPE = YES_ERROR;
				GCC_WARN_UNDECLARED_SELECTOR = YES;
				GCC_WARN_UNINITIALIZED_AUTOS = YES_AGGRESSIVE;
				GCC_WARN_UNUSED_FUNCTION = YES;
				GCC_WARN_UNUSED_VARIABLE = YES;
				IPHONEOS_DEPLOYMENT_TARGET = 17.0;
				LOCALIZATION_PREFERS_STRING_CATALOGS = YES;
				MTL_ENABLE_DEBUG_INFO = INCLUDE_SOURCE;
				MTL_FAST_MATH = YES;
				ONLY_ACTIVE_ARCH = YES;
				SDKROOT = iphoneos;
				SWIFT_ACTIVE_COMPILATION_CONDITIONS = "DEBUG $(inherited)";
				SWIFT_OPTIMIZATION_LEVEL = "-Onone";
			};
			name = Debug;
		};
		1062DB1E2B567FA4001B5AEE /* Release */ = {
			isa = XCBuildConfiguration;
			buildSettings = {
				ALWAYS_SEARCH_USER_PATHS = NO;
				ASSETCATALOG_COMPILER_GENERATE_SWIFT_ASSET_SYMBOL_EXTENSIONS = YES;
				CLANG_ANALYZER_NONNULL = YES;
				CLANG_ANALYZER_NUMBER_OBJECT_CONVERSION = YES_AGGRESSIVE;
				CLANG_CXX_LANGUAGE_STANDARD = "gnu++20";
				CLANG_ENABLE_MODULES = YES;
				CLANG_ENABLE_OBJC_ARC = YES;
				CLANG_ENABLE_OBJC_WEAK = YES;
				CLANG_WARN_BLOCK_CAPTURE_AUTORELEASING = YES;
				CLANG_WARN_BOOL_CONVERSION = YES;
				CLANG_WARN_COMMA = YES;
				CLANG_WARN_CONSTANT_CONVERSION = YES;
				CLANG_WARN_DEPRECATED_OBJC_IMPLEMENTATIONS = YES;
				CLANG_WARN_DIRECT_OBJC_ISA_USAGE = YES_ERROR;
				CLANG_WARN_DOCUMENTATION_COMMENTS = YES;
				CLANG_WARN_EMPTY_BODY = YES;
				CLANG_WARN_ENUM_CONVERSION = YES;
				CLANG_WARN_INFINITE_RECURSION = YES;
				CLANG_WARN_INT_CONVERSION = YES;
				CLANG_WARN_NON_LITERAL_NULL_CONVERSION = YES;
				CLANG_WARN_OBJC_IMPLICIT_RETAIN_SELF = YES;
				CLANG_WARN_OBJC_LITERAL_CONVERSION = YES;
				CLANG_WARN_OBJC_ROOT_CLASS = YES_ERROR;
				CLANG_WARN_QUOTED_INCLUDE_IN_FRAMEWORK_HEADER = YES;
				CLANG_WARN_RANGE_LOOP_ANALYSIS = YES;
				CLANG_WARN_STRICT_PROTOTYPES = YES;
				CLANG_WARN_SUSPICIOUS_MOVE = YES;
				CLANG_WARN_UNGUARDED_AVAILABILITY = YES_AGGRESSIVE;
				CLANG_WARN_UNREACHABLE_CODE = YES;
				CLANG_WARN__DUPLICATE_METHOD_MATCH = YES;
				COPY_PHASE_STRIP = NO;
				DEBUG_INFORMATION_FORMAT = "dwarf-with-dsym";
				ENABLE_NS_ASSERTIONS = NO;
				ENABLE_STRICT_OBJC_MSGSEND = YES;
				ENABLE_USER_SCRIPT_SANDBOXING = YES;
				GCC_C_LANGUAGE_STANDARD = gnu17;
				GCC_NO_COMMON_BLOCKS = YES;
				GCC_WARN_64_TO_32_BIT_CONVERSION = YES;
				GCC_WARN_ABOUT_RETURN_TYPE = YES_ERROR;
				GCC_WARN_UNDECLARED_SELECTOR = YES;
				GCC_WARN_UNINITIALIZED_AUTOS = YES_AGGRESSIVE;
				GCC_WARN_UNUSED_FUNCTION = YES;
				GCC_WARN_UNUSED_VARIABLE = YES;
				IPHONEOS_DEPLOYMENT_TARGET = 17.0;
				LOCALIZATION_PREFERS_STRING_CATALOGS = YES;
				MTL_ENABLE_DEBUG_INFO = NO;
				MTL_FAST_MATH = YES;
				SDKROOT = iphoneos;
				SWIFT_COMPILATION_MODE = wholemodule;
				VALIDATE_PRODUCT = YES;
			};
			name = Release;
		};
		1062DB202B567FA4001B5AEE /* Debug */ = {
			isa = XCBuildConfiguration;
			buildSettings = {
				ASSETCATALOG_COMPILER_APPICON_NAME = AppIcon;
				ASSETCATALOG_COMPILER_GLOBAL_ACCENT_COLOR_NAME = AccentColor;
				CODE_SIGN_STYLE = Automatic;
				CURRENT_PROJECT_VERSION = 1;
				DEVELOPMENT_TEAM = 87CWSKX54K;
				GENERATE_INFOPLIST_FILE = YES;
				INFOPLIST_FILE = GoGreen/Info.plist;
				INFOPLIST_KEY_UIApplicationSupportsIndirectInputEvents = YES;
				INFOPLIST_KEY_UILaunchStoryboardName = LaunchScreen;
				INFOPLIST_KEY_UIMainStoryboardFile = "";
				INFOPLIST_KEY_UISupportedInterfaceOrientations_iPad = "UIInterfaceOrientationPortrait UIInterfaceOrientationPortraitUpsideDown UIInterfaceOrientationLandscapeLeft UIInterfaceOrientationLandscapeRight";
				INFOPLIST_KEY_UISupportedInterfaceOrientations_iPhone = "UIInterfaceOrientationPortrait UIInterfaceOrientationLandscapeLeft UIInterfaceOrientationLandscapeRight";
				LD_RUNPATH_SEARCH_PATHS = (
					"$(inherited)",
					"@executable_path/Frameworks",
				);
				MARKETING_VERSION = 1.0;
				PRODUCT_BUNDLE_IDENTIFIER = com.andria.GoGreen;
				PRODUCT_NAME = "$(TARGET_NAME)";
				SWIFT_EMIT_LOC_STRINGS = YES;
				SWIFT_VERSION = 5.0;
				TARGETED_DEVICE_FAMILY = "1,2";
			};
			name = Debug;
		};
		1062DB212B567FA4001B5AEE /* Release */ = {
			isa = XCBuildConfiguration;
			buildSettings = {
				ASSETCATALOG_COMPILER_APPICON_NAME = AppIcon;
				ASSETCATALOG_COMPILER_GLOBAL_ACCENT_COLOR_NAME = AccentColor;
				CODE_SIGN_STYLE = Automatic;
				CURRENT_PROJECT_VERSION = 1;
				DEVELOPMENT_TEAM = 87CWSKX54K;
				GENERATE_INFOPLIST_FILE = YES;
				INFOPLIST_FILE = GoGreen/Info.plist;
				INFOPLIST_KEY_UIApplicationSupportsIndirectInputEvents = YES;
				INFOPLIST_KEY_UILaunchStoryboardName = LaunchScreen;
				INFOPLIST_KEY_UIMainStoryboardFile = "";
				INFOPLIST_KEY_UISupportedInterfaceOrientations_iPad = "UIInterfaceOrientationPortrait UIInterfaceOrientationPortraitUpsideDown UIInterfaceOrientationLandscapeLeft UIInterfaceOrientationLandscapeRight";
				INFOPLIST_KEY_UISupportedInterfaceOrientations_iPhone = "UIInterfaceOrientationPortrait UIInterfaceOrientationLandscapeLeft UIInterfaceOrientationLandscapeRight";
				LD_RUNPATH_SEARCH_PATHS = (
					"$(inherited)",
					"@executable_path/Frameworks",
				);
				MARKETING_VERSION = 1.0;
				PRODUCT_BUNDLE_IDENTIFIER = com.andria.GoGreen;
				PRODUCT_NAME = "$(TARGET_NAME)";
				SWIFT_EMIT_LOC_STRINGS = YES;
				SWIFT_VERSION = 5.0;
				TARGETED_DEVICE_FAMILY = "1,2";
			};
			name = Release;
		};
/* End XCBuildConfiguration section */

/* Begin XCConfigurationList section */
		1062DB062B567FA3001B5AEE /* Build configuration list for PBXProject "GoGreen" */ = {
			isa = XCConfigurationList;
			buildConfigurations = (
				1062DB1D2B567FA4001B5AEE /* Debug */,
				1062DB1E2B567FA4001B5AEE /* Release */,
			);
			defaultConfigurationIsVisible = 0;
			defaultConfigurationName = Release;
		};
		1062DB1F2B567FA4001B5AEE /* Build configuration list for PBXNativeTarget "GoGreen" */ = {
			isa = XCConfigurationList;
			buildConfigurations = (
				1062DB202B567FA4001B5AEE /* Debug */,
				1062DB212B567FA4001B5AEE /* Release */,
			);
			defaultConfigurationIsVisible = 0;
			defaultConfigurationName = Release;
		};
/* End XCConfigurationList section */

/* Begin XCRemoteSwiftPackageReference section */
		1062DB2A2B569608001B5AEE /* XCRemoteSwiftPackageReference "NetworkManager" */ = {
			isa = XCRemoteSwiftPackageReference;
			repositoryURL = "https://github.com/Andria35/NetworkManager.git";
			requirement = {
				branch = main;
				kind = branch;
			};
		};
/* End XCRemoteSwiftPackageReference section */

/* Begin XCSwiftPackageProductDependency section */
		1062DB2B2B569608001B5AEE /* NetworkManager */ = {
			isa = XCSwiftPackageProductDependency;
			package = 1062DB2A2B569608001B5AEE /* XCRemoteSwiftPackageReference "NetworkManager" */;
			productName = NetworkManager;
		};
/* End XCSwiftPackageProductDependency section */
	};
	rootObject = 1062DB032B567FA3001B5AEE /* Project object */;
}
