// !$*UTF8*$!
{
	archiveVersion = 1;
	classes = {
	};
	objectVersion = 56;
	objects = {

/* Begin PBXBuildFile section */
		101B0ED22B5720650074B0E6 /* FlowerRecognitionViewController.swift in Sources */ = {isa = PBXBuildFile; fileRef = 101B0ED12B5720650074B0E6 /* FlowerRecognitionViewController.swift */; };
		101B0ED42B5720800074B0E6 /* MyGardenViewController.swift in Sources */ = {isa = PBXBuildFile; fileRef = 101B0ED32B5720800074B0E6 /* MyGardenViewController.swift */; };
		101B0ED62B5721160074B0E6 /* HomeView.swift in Sources */ = {isa = PBXBuildFile; fileRef = 101B0ED52B5721160074B0E6 /* HomeView.swift */; };
		101B0ED92B5722C00074B0E6 /* TabBarController.swift in Sources */ = {isa = PBXBuildFile; fileRef = 101B0ED82B5722C00074B0E6 /* TabBarController.swift */; };
		101B0EDB2B5729FA0074B0E6 /* ContentView.swift in Sources */ = {isa = PBXBuildFile; fileRef = 101B0EDA2B5729FA0074B0E6 /* ContentView.swift */; };
		103CED782B6B960000B41BFF /* NearMeViewController.swift in Sources */ = {isa = PBXBuildFile; fileRef = 103CED772B6B960000B41BFF /* NearMeViewController.swift */; };
		103CED7B2B6BC8A400B41BFF /* NearMeViewController+MapKit.swift in Sources */ = {isa = PBXBuildFile; fileRef = 103CED7A2B6BC8A400B41BFF /* NearMeViewController+MapKit.swift */; };
		1049A7EC2B5C41F200F5A86E /* FlowerClassifier.mlmodel in Sources */ = {isa = PBXBuildFile; fileRef = 1049A7EB2B5C41F200F5A86E /* FlowerClassifier.mlmodel */; };
		10595A862B5734FC00419366 /* OnboardingView.swift in Sources */ = {isa = PBXBuildFile; fileRef = 10595A852B5734FC00419366 /* OnboardingView.swift */; };
		10595A882B57372A00419366 /* WelcomeView.swift in Sources */ = {isa = PBXBuildFile; fileRef = 10595A872B57372A00419366 /* WelcomeView.swift */; };
		10595A8A2B57379D00419366 /* Color.swift in Sources */ = {isa = PBXBuildFile; fileRef = 10595A892B57379D00419366 /* Color.swift */; };
		10595A8D2B573A2300419366 /* OnboardingButtonComponentView.swift in Sources */ = {isa = PBXBuildFile; fileRef = 10595A8C2B573A2300419366 /* OnboardingButtonComponentView.swift */; };
		10595A932B57D40100419366 /* DiscoverPlantView.swift in Sources */ = {isa = PBXBuildFile; fileRef = 10595A922B57D40100419366 /* DiscoverPlantView.swift */; };
		10595A952B57E55700419366 /* EmbarkJourneyView.swift in Sources */ = {isa = PBXBuildFile; fileRef = 10595A942B57E55700419366 /* EmbarkJourneyView.swift */; };
		10595A972B58124800419366 /* UserDefaultsKeys.swift in Sources */ = {isa = PBXBuildFile; fileRef = 10595A962B58124800419366 /* UserDefaultsKeys.swift */; };
		10595A992B58720400419366 /* HomeViewModel.swift in Sources */ = {isa = PBXBuildFile; fileRef = 10595A982B58720400419366 /* HomeViewModel.swift */; };
		10595A9B2B58745400419366 /* Plant.swift in Sources */ = {isa = PBXBuildFile; fileRef = 10595A9A2B58745400419366 /* Plant.swift */; };
		1062DB0F2B567FA3001B5AEE /* AppDelegate.swift in Sources */ = {isa = PBXBuildFile; fileRef = 1062DB0E2B567FA3001B5AEE /* AppDelegate.swift */; };
		1062DB112B567FA3001B5AEE /* SceneDelegate.swift in Sources */ = {isa = PBXBuildFile; fileRef = 1062DB102B567FA3001B5AEE /* SceneDelegate.swift */; };
		1062DB182B567FA4001B5AEE /* Assets.xcassets in Resources */ = {isa = PBXBuildFile; fileRef = 1062DB172B567FA4001B5AEE /* Assets.xcassets */; };
		1062DB1B2B567FA4001B5AEE /* LaunchScreen.storyboard in Resources */ = {isa = PBXBuildFile; fileRef = 1062DB192B567FA4001B5AEE /* LaunchScreen.storyboard */; };
		1062DB2C2B569608001B5AEE /* NetworkManager in Frameworks */ = {isa = PBXBuildFile; productRef = 1062DB2B2B569608001B5AEE /* NetworkManager */; };
		1075A6202B5D20320025922C /* FlowerRecognitionViewModel.swift in Sources */ = {isa = PBXBuildFile; fileRef = 1075A61F2B5D20320025922C /* FlowerRecognitionViewModel.swift */; };
		1075A6262B5EBDAC0025922C /* AlertManager.swift in Sources */ = {isa = PBXBuildFile; fileRef = 1075A6252B5EBDAC0025922C /* AlertManager.swift */; };
		107652FE2B5AAE03005F7E4B /* PlantDetailsView.swift in Sources */ = {isa = PBXBuildFile; fileRef = 107652FD2B5AAE03005F7E4B /* PlantDetailsView.swift */; };
		107653002B5AAE0F005F7E4B /* PlantDetailsViewModel.swift in Sources */ = {isa = PBXBuildFile; fileRef = 107652FF2B5AAE0F005F7E4B /* PlantDetailsViewModel.swift */; };
		107653032B5AE373005F7E4B /* PlantDetails.swift in Sources */ = {isa = PBXBuildFile; fileRef = 107653022B5AE373005F7E4B /* PlantDetails.swift */; };
		107653072B5AE8DC005F7E4B /* Router.swift in Sources */ = {isa = PBXBuildFile; fileRef = 107653062B5AE8DC005F7E4B /* Router.swift */; };
		107653092B5AF699005F7E4B /* PlantDetailsMockData.swift in Sources */ = {isa = PBXBuildFile; fileRef = 107653082B5AF699005F7E4B /* PlantDetailsMockData.swift */; };
		1076530C2B5AFEC2005F7E4B /* PlantDetailsTextComponentView.swift in Sources */ = {isa = PBXBuildFile; fileRef = 1076530B2B5AFEC2005F7E4B /* PlantDetailsTextComponentView.swift */; };
		1084F2642B725A8B00B22FD5 /* GoGreenTests.swift in Sources */ = {isa = PBXBuildFile; fileRef = 1084F2632B725A8B00B22FD5 /* GoGreenTests.swift */; };
		1084F26B2B725AE500B22FD5 /* HomeViewModelTests.swift in Sources */ = {isa = PBXBuildFile; fileRef = 1084F26A2B725AE500B22FD5 /* HomeViewModelTests.swift */; };
		108E4FFE2B62842400D37AC4 /* NotificationManager.swift in Sources */ = {isa = PBXBuildFile; fileRef = 108E4FFD2B62842400D37AC4 /* NotificationManager.swift */; };
		108E50012B63B7D000D37AC4 /* CustomUITextField.swift in Sources */ = {isa = PBXBuildFile; fileRef = 108E50002B63B7D000D37AC4 /* CustomUITextField.swift */; };
		108E50042B63C9C900D37AC4 /* CustomUITextView.swift in Sources */ = {isa = PBXBuildFile; fileRef = 108E50032B63C9C900D37AC4 /* CustomUITextView.swift */; };
		108E50072B63D9B700D37AC4 /* CustomUIImageView.swift in Sources */ = {isa = PBXBuildFile; fileRef = 108E50062B63D9B700D37AC4 /* CustomUIImageView.swift */; };
		108E500A2B63E34100D37AC4 /* CustomUIButton.swift in Sources */ = {isa = PBXBuildFile; fileRef = 108E50092B63E34100D37AC4 /* CustomUIButton.swift */; };
		108E500D2B63F51400D37AC4 /* CustomUILabel.swift in Sources */ = {isa = PBXBuildFile; fileRef = 108E500C2B63F51400D37AC4 /* CustomUILabel.swift */; };
		108E50102B63F61200D37AC4 /* FontSize.swift in Sources */ = {isa = PBXBuildFile; fileRef = 108E500F2B63F61200D37AC4 /* FontSize.swift */; };
		108E50122B640A3600D37AC4 /* ImagePickerManager.swift in Sources */ = {isa = PBXBuildFile; fileRef = 108E50112B640A3600D37AC4 /* ImagePickerManager.swift */; };
		108E50152B6411D600D37AC4 /* CustomUIDividerLine.swift in Sources */ = {isa = PBXBuildFile; fileRef = 108E50142B6411D600D37AC4 /* CustomUIDividerLine.swift */; };
		108E501A2B641FCD00D37AC4 /* AddNewMyPlantViewController+ImagePicker.swift in Sources */ = {isa = PBXBuildFile; fileRef = 108E50192B641FCD00D37AC4 /* AddNewMyPlantViewController+ImagePicker.swift */; };
		108E501C2B64205B00D37AC4 /* AddNewMyPlantViewController+TextView.swift in Sources */ = {isa = PBXBuildFile; fileRef = 108E501B2B64205B00D37AC4 /* AddNewMyPlantViewController+TextView.swift */; };
		108E501E2B6420B900D37AC4 /* AddNewMyPlantViewController+PickerView.swift in Sources */ = {isa = PBXBuildFile; fileRef = 108E501D2B6420B900D37AC4 /* AddNewMyPlantViewController+PickerView.swift */; };
		108E50212B64239700D37AC4 /* MyGardenViewController+TableView.swift in Sources */ = {isa = PBXBuildFile; fileRef = 108E50202B64239700D37AC4 /* MyGardenViewController+TableView.swift */; };
		108E50242B64246700D37AC4 /* FlowerRecognitionViewController+ImagePicker.swift in Sources */ = {isa = PBXBuildFile; fileRef = 108E50232B64246700D37AC4 /* FlowerRecognitionViewController+ImagePicker.swift */; };
		108E50262B6424AE00D37AC4 /* FlowerRecognitionViewController+FlowerRecognitionViewModel.swift in Sources */ = {isa = PBXBuildFile; fileRef = 108E50252B6424AE00D37AC4 /* FlowerRecognitionViewController+FlowerRecognitionViewModel.swift */; };
		108E50292B650B3600D37AC4 /* PlantsContainer.xcdatamodeld in Sources */ = {isa = PBXBuildFile; fileRef = 108E50272B650B3600D37AC4 /* PlantsContainer.xcdatamodeld */; };
		108E502B2B6519EC00D37AC4 /* MyGardenViewController+MyGardenViewModelDelegate.swift in Sources */ = {isa = PBXBuildFile; fileRef = 108E502A2B6519EC00D37AC4 /* MyGardenViewController+MyGardenViewModelDelegate.swift */; };
		108E502D2B651A3A00D37AC4 /* MyGardenViewController+AddNewMyPlantViewControllerDelegate.swift in Sources */ = {isa = PBXBuildFile; fileRef = 108E502C2B651A3A00D37AC4 /* MyGardenViewController+AddNewMyPlantViewControllerDelegate.swift */; };
		108E50302B651A8C00D37AC4 /* MyGardenViewModelDelegate.swift in Sources */ = {isa = PBXBuildFile; fileRef = 108E502F2B651A8C00D37AC4 /* MyGardenViewModelDelegate.swift */; };
		108E50322B651ABD00D37AC4 /* AddNewMyPlantViewControllerDelegate.swift in Sources */ = {isa = PBXBuildFile; fileRef = 108E50312B651ABD00D37AC4 /* AddNewMyPlantViewControllerDelegate.swift */; };
		108E50342B66E71400D37AC4 /* LocalFileManager.swift in Sources */ = {isa = PBXBuildFile; fileRef = 108E50332B66E71400D37AC4 /* LocalFileManager.swift */; };
		108E50382B67D01C00D37AC4 /* AddNewMyPlantViewController+TextField.swift in Sources */ = {isa = PBXBuildFile; fileRef = 108E50372B67D01C00D37AC4 /* AddNewMyPlantViewController+TextField.swift */; };
		108E503B2B6839AE00D37AC4 /* MyPlantDetailsViewController.swift in Sources */ = {isa = PBXBuildFile; fileRef = 108E503A2B6839AE00D37AC4 /* MyPlantDetailsViewController.swift */; };
		108E503D2B69968C00D37AC4 /* MyPlantDetailsViewControllerDelegate.swift in Sources */ = {isa = PBXBuildFile; fileRef = 108E503C2B69968C00D37AC4 /* MyPlantDetailsViewControllerDelegate.swift */; };
		108E503F2B6997E400D37AC4 /* MyGardenViewController+MyPlantDetailsViewControllerDelegate.swift in Sources */ = {isa = PBXBuildFile; fileRef = 108E503E2B6997E400D37AC4 /* MyGardenViewController+MyPlantDetailsViewControllerDelegate.swift */; };
		108E50412B699D8200D37AC4 /* AnimationManager.swift in Sources */ = {isa = PBXBuildFile; fileRef = 108E50402B699D8200D37AC4 /* AnimationManager.swift */; };
		109284C32B6E8C8B006011F1 /* UIViewController.swift in Sources */ = {isa = PBXBuildFile; fileRef = 109284C22B6E8C8B006011F1 /* UIViewController.swift */; };
		109284C52B6E8FD5006011F1 /* AddNewMyPlantViewController+KeyboardNotifications.swift in Sources */ = {isa = PBXBuildFile; fileRef = 109284C42B6E8FD5006011F1 /* AddNewMyPlantViewController+KeyboardNotifications.swift */; };
		10B54C372B61128000DFF3C0 /* MyGardenViewModel.swift in Sources */ = {isa = PBXBuildFile; fileRef = 10B54C362B61128000DFF3C0 /* MyGardenViewModel.swift */; };
		10B54C3A2B611CAD00DFF3C0 /* MyPlantTableViewCell.swift in Sources */ = {isa = PBXBuildFile; fileRef = 10B54C392B611CAD00DFF3C0 /* MyPlantTableViewCell.swift */; };
		10B54C432B612F4600DFF3C0 /* AddNewMyPlantViewController.swift in Sources */ = {isa = PBXBuildFile; fileRef = 10B54C422B612F4600DFF3C0 /* AddNewMyPlantViewController.swift */; };
		10E442462B59184000E54334 /* PlantComponentView.swift in Sources */ = {isa = PBXBuildFile; fileRef = 10E442452B59184000E54334 /* PlantComponentView.swift */; };
		10E442482B59185300E54334 /* PlantComponentViewModel.swift in Sources */ = {isa = PBXBuildFile; fileRef = 10E442472B59185300E54334 /* PlantComponentViewModel.swift */; };
		10E4424A2B59193800E54334 /* PlantMockData.swift in Sources */ = {isa = PBXBuildFile; fileRef = 10E442492B59193800E54334 /* PlantMockData.swift */; };
		10E4424C2B594BB700E54334 /* PlantFamilyComponentView.swift in Sources */ = {isa = PBXBuildFile; fileRef = 10E4424B2B594BB700E54334 /* PlantFamilyComponentView.swift */; };
		10E4424E2B59578500E54334 /* PlantFamilies.swift in Sources */ = {isa = PBXBuildFile; fileRef = 10E4424D2B59578500E54334 /* PlantFamilies.swift */; };
		10E442512B59AB8300E54334 /* PlantFamilyComponentViewModel.swift in Sources */ = {isa = PBXBuildFile; fileRef = 10E442502B59AB8300E54334 /* PlantFamilyComponentViewModel.swift */; };
		10E442562B5A70D900E54334 /* LiveTextFromCameraScanView.swift in Sources */ = {isa = PBXBuildFile; fileRef = 10E442552B5A70D900E54334 /* LiveTextFromCameraScanView.swift */; };
		10E442582B5A73F300E54334 /* DataScannerViewControllerRepresentable.swift in Sources */ = {isa = PBXBuildFile; fileRef = 10E442572B5A73F300E54334 /* DataScannerViewControllerRepresentable.swift */; };
		10FA5F532B6D218E00995C13 /* UIColor.swift in Sources */ = {isa = PBXBuildFile; fileRef = 10FA5F522B6D218E00995C13 /* UIColor.swift */; };
		10FA5F572B6E707700995C13 /* MainBackgroundComponentView.swift in Sources */ = {isa = PBXBuildFile; fileRef = 10FA5F562B6E707700995C13 /* MainBackgroundComponentView.swift */; };
/* End PBXBuildFile section */

/* Begin PBXContainerItemProxy section */
		1084F2652B725A8B00B22FD5 /* PBXContainerItemProxy */ = {
			isa = PBXContainerItemProxy;
			containerPortal = 1062DB032B567FA3001B5AEE /* Project object */;
			proxyType = 1;
			remoteGlobalIDString = 1062DB0A2B567FA3001B5AEE;
			remoteInfo = GoGreen;
		};
/* End PBXContainerItemProxy section */

/* Begin PBXFileReference section */
		101B0ED12B5720650074B0E6 /* FlowerRecognitionViewController.swift */ = {isa = PBXFileReference; lastKnownFileType = sourcecode.swift; path = FlowerRecognitionViewController.swift; sourceTree = "<group>"; };
		101B0ED32B5720800074B0E6 /* MyGardenViewController.swift */ = {isa = PBXFileReference; lastKnownFileType = sourcecode.swift; path = MyGardenViewController.swift; sourceTree = "<group>"; };
		101B0ED52B5721160074B0E6 /* HomeView.swift */ = {isa = PBXFileReference; lastKnownFileType = sourcecode.swift; path = HomeView.swift; sourceTree = "<group>"; };
		101B0ED82B5722C00074B0E6 /* TabBarController.swift */ = {isa = PBXFileReference; lastKnownFileType = sourcecode.swift; path = TabBarController.swift; sourceTree = "<group>"; };
		101B0EDA2B5729FA0074B0E6 /* ContentView.swift */ = {isa = PBXFileReference; lastKnownFileType = sourcecode.swift; path = ContentView.swift; sourceTree = "<group>"; };
		103CED772B6B960000B41BFF /* NearMeViewController.swift */ = {isa = PBXFileReference; lastKnownFileType = sourcecode.swift; path = NearMeViewController.swift; sourceTree = "<group>"; };
		103CED7A2B6BC8A400B41BFF /* NearMeViewController+MapKit.swift */ = {isa = PBXFileReference; lastKnownFileType = sourcecode.swift; path = "NearMeViewController+MapKit.swift"; sourceTree = "<group>"; };
		1049A7EB2B5C41F200F5A86E /* FlowerClassifier.mlmodel */ = {isa = PBXFileReference; lastKnownFileType = file.mlmodel; path = FlowerClassifier.mlmodel; sourceTree = "<group>"; };
		10595A852B5734FC00419366 /* OnboardingView.swift */ = {isa = PBXFileReference; lastKnownFileType = sourcecode.swift; path = OnboardingView.swift; sourceTree = "<group>"; };
		10595A872B57372A00419366 /* WelcomeView.swift */ = {isa = PBXFileReference; lastKnownFileType = sourcecode.swift; path = WelcomeView.swift; sourceTree = "<group>"; };
		10595A892B57379D00419366 /* Color.swift */ = {isa = PBXFileReference; lastKnownFileType = sourcecode.swift; path = Color.swift; sourceTree = "<group>"; };
		10595A8C2B573A2300419366 /* OnboardingButtonComponentView.swift */ = {isa = PBXFileReference; lastKnownFileType = sourcecode.swift; path = OnboardingButtonComponentView.swift; sourceTree = "<group>"; };
		10595A922B57D40100419366 /* DiscoverPlantView.swift */ = {isa = PBXFileReference; lastKnownFileType = sourcecode.swift; path = DiscoverPlantView.swift; sourceTree = "<group>"; };
		10595A942B57E55700419366 /* EmbarkJourneyView.swift */ = {isa = PBXFileReference; lastKnownFileType = sourcecode.swift; path = EmbarkJourneyView.swift; sourceTree = "<group>"; };
		10595A962B58124800419366 /* UserDefaultsKeys.swift */ = {isa = PBXFileReference; lastKnownFileType = sourcecode.swift; path = UserDefaultsKeys.swift; sourceTree = "<group>"; };
		10595A982B58720400419366 /* HomeViewModel.swift */ = {isa = PBXFileReference; lastKnownFileType = sourcecode.swift; path = HomeViewModel.swift; sourceTree = "<group>"; };
		10595A9A2B58745400419366 /* Plant.swift */ = {isa = PBXFileReference; lastKnownFileType = sourcecode.swift; path = Plant.swift; sourceTree = "<group>"; };
		1062DB0B2B567FA3001B5AEE /* GoGreen.app */ = {isa = PBXFileReference; explicitFileType = wrapper.application; includeInIndex = 0; path = GoGreen.app; sourceTree = BUILT_PRODUCTS_DIR; };
		1062DB0E2B567FA3001B5AEE /* AppDelegate.swift */ = {isa = PBXFileReference; lastKnownFileType = sourcecode.swift; path = AppDelegate.swift; sourceTree = "<group>"; };
		1062DB102B567FA3001B5AEE /* SceneDelegate.swift */ = {isa = PBXFileReference; lastKnownFileType = sourcecode.swift; path = SceneDelegate.swift; sourceTree = "<group>"; };
		1062DB172B567FA4001B5AEE /* Assets.xcassets */ = {isa = PBXFileReference; lastKnownFileType = folder.assetcatalog; path = Assets.xcassets; sourceTree = "<group>"; };
		1062DB1A2B567FA4001B5AEE /* Base */ = {isa = PBXFileReference; lastKnownFileType = file.storyboard; name = Base; path = Base.lproj/LaunchScreen.storyboard; sourceTree = "<group>"; };
		1062DB1C2B567FA4001B5AEE /* Info.plist */ = {isa = PBXFileReference; lastKnownFileType = text.plist.xml; path = Info.plist; sourceTree = "<group>"; };
		1075A61F2B5D20320025922C /* FlowerRecognitionViewModel.swift */ = {isa = PBXFileReference; lastKnownFileType = sourcecode.swift; path = FlowerRecognitionViewModel.swift; sourceTree = "<group>"; };
		1075A6252B5EBDAC0025922C /* AlertManager.swift */ = {isa = PBXFileReference; lastKnownFileType = sourcecode.swift; path = AlertManager.swift; sourceTree = "<group>"; };
		107652FD2B5AAE03005F7E4B /* PlantDetailsView.swift */ = {isa = PBXFileReference; lastKnownFileType = sourcecode.swift; path = PlantDetailsView.swift; sourceTree = "<group>"; };
		107652FF2B5AAE0F005F7E4B /* PlantDetailsViewModel.swift */ = {isa = PBXFileReference; lastKnownFileType = sourcecode.swift; path = PlantDetailsViewModel.swift; sourceTree = "<group>"; };
		107653022B5AE373005F7E4B /* PlantDetails.swift */ = {isa = PBXFileReference; lastKnownFileType = sourcecode.swift; path = PlantDetails.swift; sourceTree = "<group>"; };
		107653062B5AE8DC005F7E4B /* Router.swift */ = {isa = PBXFileReference; lastKnownFileType = sourcecode.swift; path = Router.swift; sourceTree = "<group>"; };
		107653082B5AF699005F7E4B /* PlantDetailsMockData.swift */ = {isa = PBXFileReference; lastKnownFileType = sourcecode.swift; path = PlantDetailsMockData.swift; sourceTree = "<group>"; };
		1076530B2B5AFEC2005F7E4B /* PlantDetailsTextComponentView.swift */ = {isa = PBXFileReference; lastKnownFileType = sourcecode.swift; path = PlantDetailsTextComponentView.swift; sourceTree = "<group>"; };
		1084F2612B725A8B00B22FD5 /* GoGreenTests.xctest */ = {isa = PBXFileReference; explicitFileType = wrapper.cfbundle; includeInIndex = 0; path = GoGreenTests.xctest; sourceTree = BUILT_PRODUCTS_DIR; };
		1084F2632B725A8B00B22FD5 /* GoGreenTests.swift */ = {isa = PBXFileReference; lastKnownFileType = sourcecode.swift; path = GoGreenTests.swift; sourceTree = "<group>"; };
		1084F26A2B725AE500B22FD5 /* HomeViewModelTests.swift */ = {isa = PBXFileReference; lastKnownFileType = sourcecode.swift; path = HomeViewModelTests.swift; sourceTree = "<group>"; };
		108E4FFD2B62842400D37AC4 /* NotificationManager.swift */ = {isa = PBXFileReference; lastKnownFileType = sourcecode.swift; path = NotificationManager.swift; sourceTree = "<group>"; };
		108E50002B63B7D000D37AC4 /* CustomUITextField.swift */ = {isa = PBXFileReference; lastKnownFileType = sourcecode.swift; path = CustomUITextField.swift; sourceTree = "<group>"; };
		108E50032B63C9C900D37AC4 /* CustomUITextView.swift */ = {isa = PBXFileReference; lastKnownFileType = sourcecode.swift; path = CustomUITextView.swift; sourceTree = "<group>"; };
		108E50062B63D9B700D37AC4 /* CustomUIImageView.swift */ = {isa = PBXFileReference; lastKnownFileType = sourcecode.swift; path = CustomUIImageView.swift; sourceTree = "<group>"; };
		108E50092B63E34100D37AC4 /* CustomUIButton.swift */ = {isa = PBXFileReference; lastKnownFileType = sourcecode.swift; path = CustomUIButton.swift; sourceTree = "<group>"; };
		108E500C2B63F51400D37AC4 /* CustomUILabel.swift */ = {isa = PBXFileReference; lastKnownFileType = sourcecode.swift; path = CustomUILabel.swift; sourceTree = "<group>"; };
		108E500F2B63F61200D37AC4 /* FontSize.swift */ = {isa = PBXFileReference; lastKnownFileType = sourcecode.swift; path = FontSize.swift; sourceTree = "<group>"; };
		108E50112B640A3600D37AC4 /* ImagePickerManager.swift */ = {isa = PBXFileReference; lastKnownFileType = sourcecode.swift; path = ImagePickerManager.swift; sourceTree = "<group>"; };
		108E50142B6411D600D37AC4 /* CustomUIDividerLine.swift */ = {isa = PBXFileReference; lastKnownFileType = sourcecode.swift; path = CustomUIDividerLine.swift; sourceTree = "<group>"; };
		108E50192B641FCD00D37AC4 /* AddNewMyPlantViewController+ImagePicker.swift */ = {isa = PBXFileReference; lastKnownFileType = sourcecode.swift; path = "AddNewMyPlantViewController+ImagePicker.swift"; sourceTree = "<group>"; };
		108E501B2B64205B00D37AC4 /* AddNewMyPlantViewController+TextView.swift */ = {isa = PBXFileReference; lastKnownFileType = sourcecode.swift; path = "AddNewMyPlantViewController+TextView.swift"; sourceTree = "<group>"; };
		108E501D2B6420B900D37AC4 /* AddNewMyPlantViewController+PickerView.swift */ = {isa = PBXFileReference; lastKnownFileType = sourcecode.swift; path = "AddNewMyPlantViewController+PickerView.swift"; sourceTree = "<group>"; };
		108E50202B64239700D37AC4 /* MyGardenViewController+TableView.swift */ = {isa = PBXFileReference; lastKnownFileType = sourcecode.swift; path = "MyGardenViewController+TableView.swift"; sourceTree = "<group>"; };
		108E50232B64246700D37AC4 /* FlowerRecognitionViewController+ImagePicker.swift */ = {isa = PBXFileReference; lastKnownFileType = sourcecode.swift; path = "FlowerRecognitionViewController+ImagePicker.swift"; sourceTree = "<group>"; };
		108E50252B6424AE00D37AC4 /* FlowerRecognitionViewController+FlowerRecognitionViewModel.swift */ = {isa = PBXFileReference; lastKnownFileType = sourcecode.swift; path = "FlowerRecognitionViewController+FlowerRecognitionViewModel.swift"; sourceTree = "<group>"; };
		108E50282B650B3600D37AC4 /* PlantsContainer.xcdatamodel */ = {isa = PBXFileReference; lastKnownFileType = wrapper.xcdatamodel; path = PlantsContainer.xcdatamodel; sourceTree = "<group>"; };
		108E502A2B6519EC00D37AC4 /* MyGardenViewController+MyGardenViewModelDelegate.swift */ = {isa = PBXFileReference; lastKnownFileType = sourcecode.swift; path = "MyGardenViewController+MyGardenViewModelDelegate.swift"; sourceTree = "<group>"; };
		108E502C2B651A3A00D37AC4 /* MyGardenViewController+AddNewMyPlantViewControllerDelegate.swift */ = {isa = PBXFileReference; lastKnownFileType = sourcecode.swift; path = "MyGardenViewController+AddNewMyPlantViewControllerDelegate.swift"; sourceTree = "<group>"; };
		108E502F2B651A8C00D37AC4 /* MyGardenViewModelDelegate.swift */ = {isa = PBXFileReference; lastKnownFileType = sourcecode.swift; path = MyGardenViewModelDelegate.swift; sourceTree = "<group>"; };
		108E50312B651ABD00D37AC4 /* AddNewMyPlantViewControllerDelegate.swift */ = {isa = PBXFileReference; lastKnownFileType = sourcecode.swift; path = AddNewMyPlantViewControllerDelegate.swift; sourceTree = "<group>"; };
		108E50332B66E71400D37AC4 /* LocalFileManager.swift */ = {isa = PBXFileReference; lastKnownFileType = sourcecode.swift; path = LocalFileManager.swift; sourceTree = "<group>"; };
		108E50372B67D01C00D37AC4 /* AddNewMyPlantViewController+TextField.swift */ = {isa = PBXFileReference; lastKnownFileType = sourcecode.swift; path = "AddNewMyPlantViewController+TextField.swift"; sourceTree = "<group>"; };
		108E503A2B6839AE00D37AC4 /* MyPlantDetailsViewController.swift */ = {isa = PBXFileReference; lastKnownFileType = sourcecode.swift; path = MyPlantDetailsViewController.swift; sourceTree = "<group>"; };
		108E503C2B69968C00D37AC4 /* MyPlantDetailsViewControllerDelegate.swift */ = {isa = PBXFileReference; lastKnownFileType = sourcecode.swift; path = MyPlantDetailsViewControllerDelegate.swift; sourceTree = "<group>"; };
		108E503E2B6997E400D37AC4 /* MyGardenViewController+MyPlantDetailsViewControllerDelegate.swift */ = {isa = PBXFileReference; lastKnownFileType = sourcecode.swift; path = "MyGardenViewController+MyPlantDetailsViewControllerDelegate.swift"; sourceTree = "<group>"; };
		108E50402B699D8200D37AC4 /* AnimationManager.swift */ = {isa = PBXFileReference; lastKnownFileType = sourcecode.swift; path = AnimationManager.swift; sourceTree = "<group>"; };
		109284C22B6E8C8B006011F1 /* UIViewController.swift */ = {isa = PBXFileReference; lastKnownFileType = sourcecode.swift; path = UIViewController.swift; sourceTree = "<group>"; };
		109284C42B6E8FD5006011F1 /* AddNewMyPlantViewController+KeyboardNotifications.swift */ = {isa = PBXFileReference; lastKnownFileType = sourcecode.swift; path = "AddNewMyPlantViewController+KeyboardNotifications.swift"; sourceTree = "<group>"; };
		10B54C362B61128000DFF3C0 /* MyGardenViewModel.swift */ = {isa = PBXFileReference; lastKnownFileType = sourcecode.swift; path = MyGardenViewModel.swift; sourceTree = "<group>"; };
		10B54C392B611CAD00DFF3C0 /* MyPlantTableViewCell.swift */ = {isa = PBXFileReference; lastKnownFileType = sourcecode.swift; path = MyPlantTableViewCell.swift; sourceTree = "<group>"; };
		10B54C422B612F4600DFF3C0 /* AddNewMyPlantViewController.swift */ = {isa = PBXFileReference; lastKnownFileType = sourcecode.swift; path = AddNewMyPlantViewController.swift; sourceTree = "<group>"; };
		10E442452B59184000E54334 /* PlantComponentView.swift */ = {isa = PBXFileReference; lastKnownFileType = sourcecode.swift; path = PlantComponentView.swift; sourceTree = "<group>"; };
		10E442472B59185300E54334 /* PlantComponentViewModel.swift */ = {isa = PBXFileReference; lastKnownFileType = sourcecode.swift; path = PlantComponentViewModel.swift; sourceTree = "<group>"; };
		10E442492B59193800E54334 /* PlantMockData.swift */ = {isa = PBXFileReference; lastKnownFileType = sourcecode.swift; path = PlantMockData.swift; sourceTree = "<group>"; };
		10E4424B2B594BB700E54334 /* PlantFamilyComponentView.swift */ = {isa = PBXFileReference; lastKnownFileType = sourcecode.swift; path = PlantFamilyComponentView.swift; sourceTree = "<group>"; };
		10E4424D2B59578500E54334 /* PlantFamilies.swift */ = {isa = PBXFileReference; lastKnownFileType = sourcecode.swift; path = PlantFamilies.swift; sourceTree = "<group>"; };
		10E442502B59AB8300E54334 /* PlantFamilyComponentViewModel.swift */ = {isa = PBXFileReference; lastKnownFileType = sourcecode.swift; path = PlantFamilyComponentViewModel.swift; sourceTree = "<group>"; };
		10E442552B5A70D900E54334 /* LiveTextFromCameraScanView.swift */ = {isa = PBXFileReference; lastKnownFileType = sourcecode.swift; path = LiveTextFromCameraScanView.swift; sourceTree = "<group>"; };
		10E442572B5A73F300E54334 /* DataScannerViewControllerRepresentable.swift */ = {isa = PBXFileReference; lastKnownFileType = sourcecode.swift; path = DataScannerViewControllerRepresentable.swift; sourceTree = "<group>"; };
		10FA5F522B6D218E00995C13 /* UIColor.swift */ = {isa = PBXFileReference; lastKnownFileType = sourcecode.swift; path = UIColor.swift; sourceTree = "<group>"; };
		10FA5F562B6E707700995C13 /* MainBackgroundComponentView.swift */ = {isa = PBXFileReference; lastKnownFileType = sourcecode.swift; path = MainBackgroundComponentView.swift; sourceTree = "<group>"; };
/* End PBXFileReference section */

/* Begin PBXFrameworksBuildPhase section */
		1062DB082B567FA3001B5AEE /* Frameworks */ = {
			isa = PBXFrameworksBuildPhase;
			buildActionMask = 2147483647;
			files = (
				1062DB2C2B569608001B5AEE /* NetworkManager in Frameworks */,
			);
			runOnlyForDeploymentPostprocessing = 0;
		};
		1084F25E2B725A8B00B22FD5 /* Frameworks */ = {
			isa = PBXFrameworksBuildPhase;
			buildActionMask = 2147483647;
			files = (
			);
			runOnlyForDeploymentPostprocessing = 0;
		};
/* End PBXFrameworksBuildPhase section */

/* Begin PBXGroup section */
		101B0ECA2B571FFD0074B0E6 /* MyGarden */ = {
			isa = PBXGroup;
			children = (
				10B54C382B611C7C00DFF3C0 /* TableViewCell */,
				108E50162B64164100D37AC4 /* MyGardenView */,
				108E50172B64166700D37AC4 /* AddNewMyPlantView */,
				108E50392B68395E00D37AC4 /* MyPlantDetailsView */,
				108E502E2B651A7000D37AC4 /* Protocols */,
			);
			path = MyGarden;
			sourceTree = "<group>";
		};
		101B0ECB2B5720060074B0E6 /* FlowerRecognition */ = {
			isa = PBXGroup;
			children = (
				101B0ED12B5720650074B0E6 /* FlowerRecognitionViewController.swift */,
				1075A61F2B5D20320025922C /* FlowerRecognitionViewModel.swift */,
				108E50222B64244800D37AC4 /* Extensions */,
			);
			path = FlowerRecognition;
			sourceTree = "<group>";
		};
		101B0ECC2B5720180074B0E6 /* Home */ = {
			isa = PBXGroup;
			children = (
				101B0EDA2B5729FA0074B0E6 /* ContentView.swift */,
				10E4425C2B5A927B00E54334 /* HomeView */,
				107653052B5AE8C6005F7E4B /* Navigation */,
				10E442542B5A70AB00E54334 /* Scanner */,
			);
			path = Home;
			sourceTree = "<group>";
		};
		101B0ED72B5722A20074B0E6 /* TabBar */ = {
			isa = PBXGroup;
			children = (
				101B0ED82B5722C00074B0E6 /* TabBarController.swift */,
			);
			path = TabBar;
			sourceTree = "<group>";
		};
		103CED762B6B938400B41BFF /* NearMe */ = {
			isa = PBXGroup;
			children = (
				103CED772B6B960000B41BFF /* NearMeViewController.swift */,
				103CED792B6BC88400B41BFF /* Extensions */,
			);
			path = NearMe;
			sourceTree = "<group>";
		};
		103CED792B6BC88400B41BFF /* Extensions */ = {
			isa = PBXGroup;
			children = (
				103CED7A2B6BC8A400B41BFF /* NearMeViewController+MapKit.swift */,
			);
			path = Extensions;
			sourceTree = "<group>";
		};
		10595A842B5734D000419366 /* Onboarding */ = {
			isa = PBXGroup;
			children = (
				10595A852B5734FC00419366 /* OnboardingView.swift */,
				10595A872B57372A00419366 /* WelcomeView.swift */,
				10595A922B57D40100419366 /* DiscoverPlantView.swift */,
				10595A942B57E55700419366 /* EmbarkJourneyView.swift */,
			);
			path = Onboarding;
			sourceTree = "<group>";
		};
		1062DB022B567FA3001B5AEE = {
			isa = PBXGroup;
			children = (
				1062DB0D2B567FA3001B5AEE /* GoGreen */,
				1084F2622B725A8B00B22FD5 /* GoGreenTests */,
				1062DB0C2B567FA3001B5AEE /* Products */,
			);
			sourceTree = "<group>";
		};
		1062DB0C2B567FA3001B5AEE /* Products */ = {
			isa = PBXGroup;
			children = (
				1062DB0B2B567FA3001B5AEE /* GoGreen.app */,
				1084F2612B725A8B00B22FD5 /* GoGreenTests.xctest */,
			);
			name = Products;
			sourceTree = "<group>";
		};
		1062DB0D2B567FA3001B5AEE /* GoGreen */ = {
			isa = PBXGroup;
			children = (
				1062DB222B56943A001B5AEE /* Application */,
				1062DB232B56945F001B5AEE /* Scenes */,
				1062DB242B569479001B5AEE /* Components */,
				1062DB252B569496001B5AEE /* Models */,
				1062DB262B5694A6001B5AEE /* Extensions */,
				1062DB282B5694C1001B5AEE /* Managers */,
				1062DB272B5694B7001B5AEE /* Helpers */,
				1062DB292B5695BE001B5AEE /* Resources */,
				1062DB1C2B567FA4001B5AEE /* Info.plist */,
				1049A7EB2B5C41F200F5A86E /* FlowerClassifier.mlmodel */,
			);
			path = GoGreen;
			sourceTree = "<group>";
		};
		1062DB222B56943A001B5AEE /* Application */ = {
			isa = PBXGroup;
			children = (
				1062DB102B567FA3001B5AEE /* SceneDelegate.swift */,
				1062DB0E2B567FA3001B5AEE /* AppDelegate.swift */,
			);
			path = Application;
			sourceTree = "<group>";
		};
		1062DB232B56945F001B5AEE /* Scenes */ = {
			isa = PBXGroup;
			children = (
				101B0ED72B5722A20074B0E6 /* TabBar */,
				10595A842B5734D000419366 /* Onboarding */,
				101B0ECC2B5720180074B0E6 /* Home */,
				101B0ECB2B5720060074B0E6 /* FlowerRecognition */,
				101B0ECA2B571FFD0074B0E6 /* MyGarden */,
				103CED762B6B938400B41BFF /* NearMe */,
			);
			path = Scenes;
			sourceTree = "<group>";
		};
		1062DB242B569479001B5AEE /* Components */ = {
			isa = PBXGroup;
			children = (
				108E50132B6411AF00D37AC4 /* CustomUIDividerLine */,
				108E500B2B63F4F600D37AC4 /* CustomUILabel */,
				108E50082B63E2F900D37AC4 /* CustomUIButton */,
				108E50052B63D97100D37AC4 /* CustomUIImageView */,
				108E50022B63C99F00D37AC4 /* CustomUITextView */,
				108E4FFF2B63B79F00D37AC4 /* CustomUITextField */,
				10FA5F552B6E705B00995C13 /* MainBackgroundComponentView */,
				107652FC2B5AADE1005F7E4B /* PlantDetailsView */,
				10FA5F542B6E6F0400995C13 /* PlantDetailsTextComponentView */,
				10E442442B59181100E54334 /* PlantComponentView */,
				10E4424F2B59AB5E00E54334 /* PlantFamilyComponentView */,
				108E50422B6A45F700D37AC4 /* OnboardingButtonComponentView */,
				108E500E2B63F60200D37AC4 /* Types */,
			);
			path = Components;
			sourceTree = "<group>";
		};
		1062DB252B569496001B5AEE /* Models */ = {
			isa = PBXGroup;
			children = (
				107653022B5AE373005F7E4B /* PlantDetails.swift */,
				10E4424D2B59578500E54334 /* PlantFamilies.swift */,
				108E50272B650B3600D37AC4 /* PlantsContainer.xcdatamodeld */,
				10595A9A2B58745400419366 /* Plant.swift */,
			);
			path = Models;
			sourceTree = "<group>";
		};
		1062DB262B5694A6001B5AEE /* Extensions */ = {
			isa = PBXGroup;
			children = (
				10595A892B57379D00419366 /* Color.swift */,
				10FA5F522B6D218E00995C13 /* UIColor.swift */,
				109284C22B6E8C8B006011F1 /* UIViewController.swift */,
			);
			path = Extensions;
			sourceTree = "<group>";
		};
		1062DB272B5694B7001B5AEE /* Helpers */ = {
			isa = PBXGroup;
			children = (
				10595A962B58124800419366 /* UserDefaultsKeys.swift */,
				10E442492B59193800E54334 /* PlantMockData.swift */,
				107653082B5AF699005F7E4B /* PlantDetailsMockData.swift */,
			);
			path = Helpers;
			sourceTree = "<group>";
		};
		1062DB282B5694C1001B5AEE /* Managers */ = {
			isa = PBXGroup;
			children = (
				1075A6252B5EBDAC0025922C /* AlertManager.swift */,
				108E4FFD2B62842400D37AC4 /* NotificationManager.swift */,
				108E50112B640A3600D37AC4 /* ImagePickerManager.swift */,
				108E50332B66E71400D37AC4 /* LocalFileManager.swift */,
				108E50402B699D8200D37AC4 /* AnimationManager.swift */,
			);
			path = Managers;
			sourceTree = "<group>";
		};
		1062DB292B5695BE001B5AEE /* Resources */ = {
			isa = PBXGroup;
			children = (
				1062DB192B567FA4001B5AEE /* LaunchScreen.storyboard */,
				1062DB172B567FA4001B5AEE /* Assets.xcassets */,
			);
			path = Resources;
			sourceTree = "<group>";
		};
		107652FC2B5AADE1005F7E4B /* PlantDetailsView */ = {
			isa = PBXGroup;
			children = (
				107652FD2B5AAE03005F7E4B /* PlantDetailsView.swift */,
				107652FF2B5AAE0F005F7E4B /* PlantDetailsViewModel.swift */,
			);
			path = PlantDetailsView;
			sourceTree = "<group>";
		};
		107653052B5AE8C6005F7E4B /* Navigation */ = {
			isa = PBXGroup;
			children = (
				107653062B5AE8DC005F7E4B /* Router.swift */,
			);
			path = Navigation;
			sourceTree = "<group>";
		};
		1084F2622B725A8B00B22FD5 /* GoGreenTests */ = {
			isa = PBXGroup;
			children = (
				1084F2632B725A8B00B22FD5 /* GoGreenTests.swift */,
				1084F26A2B725AE500B22FD5 /* HomeViewModelTests.swift */,
			);
			path = GoGreenTests;
			sourceTree = "<group>";
		};
		108E4FFF2B63B79F00D37AC4 /* CustomUITextField */ = {
			isa = PBXGroup;
			children = (
				108E50002B63B7D000D37AC4 /* CustomUITextField.swift */,
			);
			path = CustomUITextField;
			sourceTree = "<group>";
		};
		108E50022B63C99F00D37AC4 /* CustomUITextView */ = {
			isa = PBXGroup;
			children = (
				108E50032B63C9C900D37AC4 /* CustomUITextView.swift */,
			);
			path = CustomUITextView;
			sourceTree = "<group>";
		};
		108E50052B63D97100D37AC4 /* CustomUIImageView */ = {
			isa = PBXGroup;
			children = (
				108E50062B63D9B700D37AC4 /* CustomUIImageView.swift */,
			);
			path = CustomUIImageView;
			sourceTree = "<group>";
		};
		108E50082B63E2F900D37AC4 /* CustomUIButton */ = {
			isa = PBXGroup;
			children = (
				108E50092B63E34100D37AC4 /* CustomUIButton.swift */,
			);
			path = CustomUIButton;
			sourceTree = "<group>";
		};
		108E500B2B63F4F600D37AC4 /* CustomUILabel */ = {
			isa = PBXGroup;
			children = (
				108E500C2B63F51400D37AC4 /* CustomUILabel.swift */,
			);
			path = CustomUILabel;
			sourceTree = "<group>";
		};
		108E500E2B63F60200D37AC4 /* Types */ = {
			isa = PBXGroup;
			children = (
				108E500F2B63F61200D37AC4 /* FontSize.swift */,
			);
			path = Types;
			sourceTree = "<group>";
		};
		108E50132B6411AF00D37AC4 /* CustomUIDividerLine */ = {
			isa = PBXGroup;
			children = (
				108E50142B6411D600D37AC4 /* CustomUIDividerLine.swift */,
			);
			path = CustomUIDividerLine;
			sourceTree = "<group>";
		};
		108E50162B64164100D37AC4 /* MyGardenView */ = {
			isa = PBXGroup;
			children = (
				101B0ED32B5720800074B0E6 /* MyGardenViewController.swift */,
				10B54C362B61128000DFF3C0 /* MyGardenViewModel.swift */,
				108E501F2B64237600D37AC4 /* Extensions */,
			);
			path = MyGardenView;
			sourceTree = "<group>";
		};
		108E50172B64166700D37AC4 /* AddNewMyPlantView */ = {
			isa = PBXGroup;
			children = (
				10B54C422B612F4600DFF3C0 /* AddNewMyPlantViewController.swift */,
				108E50182B641F5B00D37AC4 /* Extensions */,
			);
			path = AddNewMyPlantView;
			sourceTree = "<group>";
		};
		108E50182B641F5B00D37AC4 /* Extensions */ = {
			isa = PBXGroup;
			children = (
				108E50192B641FCD00D37AC4 /* AddNewMyPlantViewController+ImagePicker.swift */,
				108E501B2B64205B00D37AC4 /* AddNewMyPlantViewController+TextView.swift */,
				108E501D2B6420B900D37AC4 /* AddNewMyPlantViewController+PickerView.swift */,
				108E50372B67D01C00D37AC4 /* AddNewMyPlantViewController+TextField.swift */,
				109284C42B6E8FD5006011F1 /* AddNewMyPlantViewController+KeyboardNotifications.swift */,
			);
			path = Extensions;
			sourceTree = "<group>";
		};
		108E501F2B64237600D37AC4 /* Extensions */ = {
			isa = PBXGroup;
			children = (
				108E50202B64239700D37AC4 /* MyGardenViewController+TableView.swift */,
				108E502A2B6519EC00D37AC4 /* MyGardenViewController+MyGardenViewModelDelegate.swift */,
				108E502C2B651A3A00D37AC4 /* MyGardenViewController+AddNewMyPlantViewControllerDelegate.swift */,
				108E503E2B6997E400D37AC4 /* MyGardenViewController+MyPlantDetailsViewControllerDelegate.swift */,
			);
			path = Extensions;
			sourceTree = "<group>";
		};
		108E50222B64244800D37AC4 /* Extensions */ = {
			isa = PBXGroup;
			children = (
				108E50232B64246700D37AC4 /* FlowerRecognitionViewController+ImagePicker.swift */,
				108E50252B6424AE00D37AC4 /* FlowerRecognitionViewController+FlowerRecognitionViewModel.swift */,
			);
			path = Extensions;
			sourceTree = "<group>";
		};
		108E502E2B651A7000D37AC4 /* Protocols */ = {
			isa = PBXGroup;
			children = (
				108E502F2B651A8C00D37AC4 /* MyGardenViewModelDelegate.swift */,
				108E50312B651ABD00D37AC4 /* AddNewMyPlantViewControllerDelegate.swift */,
				108E503C2B69968C00D37AC4 /* MyPlantDetailsViewControllerDelegate.swift */,
			);
			path = Protocols;
			sourceTree = "<group>";
		};
		108E50392B68395E00D37AC4 /* MyPlantDetailsView */ = {
			isa = PBXGroup;
			children = (
				108E503A2B6839AE00D37AC4 /* MyPlantDetailsViewController.swift */,
			);
			path = MyPlantDetailsView;
			sourceTree = "<group>";
		};
		108E50422B6A45F700D37AC4 /* OnboardingButtonComponentView */ = {
			isa = PBXGroup;
			children = (
				10595A8C2B573A2300419366 /* OnboardingButtonComponentView.swift */,
			);
			path = OnboardingButtonComponentView;
			sourceTree = "<group>";
		};
		10B54C382B611C7C00DFF3C0 /* TableViewCell */ = {
			isa = PBXGroup;
			children = (
				10B54C392B611CAD00DFF3C0 /* MyPlantTableViewCell.swift */,
			);
			path = TableViewCell;
			sourceTree = "<group>";
		};
		10E442442B59181100E54334 /* PlantComponentView */ = {
			isa = PBXGroup;
			children = (
				10E442452B59184000E54334 /* PlantComponentView.swift */,
				10E442472B59185300E54334 /* PlantComponentViewModel.swift */,
			);
			path = PlantComponentView;
			sourceTree = "<group>";
		};
		10E4424F2B59AB5E00E54334 /* PlantFamilyComponentView */ = {
			isa = PBXGroup;
			children = (
				10E4424B2B594BB700E54334 /* PlantFamilyComponentView.swift */,
				10E442502B59AB8300E54334 /* PlantFamilyComponentViewModel.swift */,
			);
			path = PlantFamilyComponentView;
			sourceTree = "<group>";
		};
		10E442542B5A70AB00E54334 /* Scanner */ = {
			isa = PBXGroup;
			children = (
				10E442552B5A70D900E54334 /* LiveTextFromCameraScanView.swift */,
				10E442572B5A73F300E54334 /* DataScannerViewControllerRepresentable.swift */,
			);
			path = Scanner;
			sourceTree = "<group>";
		};
		10E4425C2B5A927B00E54334 /* HomeView */ = {
			isa = PBXGroup;
			children = (
				101B0ED52B5721160074B0E6 /* HomeView.swift */,
				10595A982B58720400419366 /* HomeViewModel.swift */,
			);
			path = HomeView;
			sourceTree = "<group>";
		};
		10FA5F542B6E6F0400995C13 /* PlantDetailsTextComponentView */ = {
			isa = PBXGroup;
			children = (
				1076530B2B5AFEC2005F7E4B /* PlantDetailsTextComponentView.swift */,
			);
			path = PlantDetailsTextComponentView;
			sourceTree = "<group>";
		};
		10FA5F552B6E705B00995C13 /* MainBackgroundComponentView */ = {
			isa = PBXGroup;
			children = (
				10FA5F562B6E707700995C13 /* MainBackgroundComponentView.swift */,
			);
			path = MainBackgroundComponentView;
			sourceTree = "<group>";
		};
/* End PBXGroup section */

/* Begin PBXNativeTarget section */
		1062DB0A2B567FA3001B5AEE /* GoGreen */ = {
			isa = PBXNativeTarget;
			buildConfigurationList = 1062DB1F2B567FA4001B5AEE /* Build configuration list for PBXNativeTarget "GoGreen" */;
			buildPhases = (
				1062DB072B567FA3001B5AEE /* Sources */,
				1062DB082B567FA3001B5AEE /* Frameworks */,
				1062DB092B567FA3001B5AEE /* Resources */,
			);
			buildRules = (
			);
			dependencies = (
			);
			name = GoGreen;
			packageProductDependencies = (
				1062DB2B2B569608001B5AEE /* NetworkManager */,
			);
			productName = GoGreen;
			productReference = 1062DB0B2B567FA3001B5AEE /* GoGreen.app */;
			productType = "com.apple.product-type.application";
		};
		1084F2602B725A8B00B22FD5 /* GoGreenTests */ = {
			isa = PBXNativeTarget;
			buildConfigurationList = 1084F2692B725A8B00B22FD5 /* Build configuration list for PBXNativeTarget "GoGreenTests" */;
			buildPhases = (
				1084F25D2B725A8B00B22FD5 /* Sources */,
				1084F25E2B725A8B00B22FD5 /* Frameworks */,
				1084F25F2B725A8B00B22FD5 /* Resources */,
			);
			buildRules = (
			);
			dependencies = (
				1084F2662B725A8B00B22FD5 /* PBXTargetDependency */,
			);
			name = GoGreenTests;
			productName = GoGreenTests;
			productReference = 1084F2612B725A8B00B22FD5 /* GoGreenTests.xctest */;
			productType = "com.apple.product-type.bundle.unit-test";
		};
/* End PBXNativeTarget section */

/* Begin PBXProject section */
		1062DB032B567FA3001B5AEE /* Project object */ = {
			isa = PBXProject;
			attributes = {
				BuildIndependentTargetsInParallel = 1;
				LastSwiftUpdateCheck = 1500;
				LastUpgradeCheck = 1500;
				TargetAttributes = {
					1062DB0A2B567FA3001B5AEE = {
						CreatedOnToolsVersion = 15.0.1;
					};
					1084F2602B725A8B00B22FD5 = {
						CreatedOnToolsVersion = 15.0.1;
						TestTargetID = 1062DB0A2B567FA3001B5AEE;
					};
				};
			};
			buildConfigurationList = 1062DB062B567FA3001B5AEE /* Build configuration list for PBXProject "GoGreen" */;
			compatibilityVersion = "Xcode 14.0";
			developmentRegion = en;
			hasScannedForEncodings = 0;
			knownRegions = (
				en,
				Base,
			);
			mainGroup = 1062DB022B567FA3001B5AEE;
			packageReferences = (
				1062DB2A2B569608001B5AEE /* XCRemoteSwiftPackageReference "NetworkManager" */,
			);
			productRefGroup = 1062DB0C2B567FA3001B5AEE /* Products */;
			projectDirPath = "";
			projectRoot = "";
			targets = (
				1062DB0A2B567FA3001B5AEE /* GoGreen */,
				1084F2602B725A8B00B22FD5 /* GoGreenTests */,
			);
		};
/* End PBXProject section */

/* Begin PBXResourcesBuildPhase section */
		1062DB092B567FA3001B5AEE /* Resources */ = {
			isa = PBXResourcesBuildPhase;
			buildActionMask = 2147483647;
			files = (
				1062DB1B2B567FA4001B5AEE /* LaunchScreen.storyboard in Resources */,
				1062DB182B567FA4001B5AEE /* Assets.xcassets in Resources */,
			);
			runOnlyForDeploymentPostprocessing = 0;
		};
		1084F25F2B725A8B00B22FD5 /* Resources */ = {
			isa = PBXResourcesBuildPhase;
			buildActionMask = 2147483647;
			files = (
			);
			runOnlyForDeploymentPostprocessing = 0;
		};
/* End PBXResourcesBuildPhase section */

/* Begin PBXSourcesBuildPhase section */
		1062DB072B567FA3001B5AEE /* Sources */ = {
			isa = PBXSourcesBuildPhase;
			buildActionMask = 2147483647;
			files = (
				101B0ED22B5720650074B0E6 /* FlowerRecognitionViewController.swift in Sources */,
				10B54C372B61128000DFF3C0 /* MyGardenViewModel.swift in Sources */,
				101B0EDB2B5729FA0074B0E6 /* ContentView.swift in Sources */,
				108E50382B67D01C00D37AC4 /* AddNewMyPlantViewController+TextField.swift in Sources */,
				10E442482B59185300E54334 /* PlantComponentViewModel.swift in Sources */,
				108E501E2B6420B900D37AC4 /* AddNewMyPlantViewController+PickerView.swift in Sources */,
				108E50072B63D9B700D37AC4 /* CustomUIImageView.swift in Sources */,
				109284C32B6E8C8B006011F1 /* UIViewController.swift in Sources */,
				108E50012B63B7D000D37AC4 /* CustomUITextField.swift in Sources */,
				107653092B5AF699005F7E4B /* PlantDetailsMockData.swift in Sources */,
				10FA5F532B6D218E00995C13 /* UIColor.swift in Sources */,
				109284C52B6E8FD5006011F1 /* AddNewMyPlantViewController+KeyboardNotifications.swift in Sources */,
				10E442562B5A70D900E54334 /* LiveTextFromCameraScanView.swift in Sources */,
				103CED782B6B960000B41BFF /* NearMeViewController.swift in Sources */,
				108E500A2B63E34100D37AC4 /* CustomUIButton.swift in Sources */,
				108E502D2B651A3A00D37AC4 /* MyGardenViewController+AddNewMyPlantViewControllerDelegate.swift in Sources */,
				10E442462B59184000E54334 /* PlantComponentView.swift in Sources */,
				107653002B5AAE0F005F7E4B /* PlantDetailsViewModel.swift in Sources */,
				101B0ED42B5720800074B0E6 /* MyGardenViewController.swift in Sources */,
				1076530C2B5AFEC2005F7E4B /* PlantDetailsTextComponentView.swift in Sources */,
				10595A8A2B57379D00419366 /* Color.swift in Sources */,
				10FA5F572B6E707700995C13 /* MainBackgroundComponentView.swift in Sources */,
				10B54C432B612F4600DFF3C0 /* AddNewMyPlantViewController.swift in Sources */,
				101B0ED62B5721160074B0E6 /* HomeView.swift in Sources */,
				108E502B2B6519EC00D37AC4 /* MyGardenViewController+MyGardenViewModelDelegate.swift in Sources */,
				10E442582B5A73F300E54334 /* DataScannerViewControllerRepresentable.swift in Sources */,
				10595A9B2B58745400419366 /* Plant.swift in Sources */,
				108E501A2B641FCD00D37AC4 /* AddNewMyPlantViewController+ImagePicker.swift in Sources */,
				108E50322B651ABD00D37AC4 /* AddNewMyPlantViewControllerDelegate.swift in Sources */,
				10595A882B57372A00419366 /* WelcomeView.swift in Sources */,
				1075A6202B5D20320025922C /* FlowerRecognitionViewModel.swift in Sources */,
				108E500D2B63F51400D37AC4 /* CustomUILabel.swift in Sources */,
				10B54C3A2B611CAD00DFF3C0 /* MyPlantTableViewCell.swift in Sources */,
				108E503B2B6839AE00D37AC4 /* MyPlantDetailsViewController.swift in Sources */,
				108E501C2B64205B00D37AC4 /* AddNewMyPlantViewController+TextView.swift in Sources */,
				108E50212B64239700D37AC4 /* MyGardenViewController+TableView.swift in Sources */,
				10E4424A2B59193800E54334 /* PlantMockData.swift in Sources */,
				10595A952B57E55700419366 /* EmbarkJourneyView.swift in Sources */,
				10595A8D2B573A2300419366 /* OnboardingButtonComponentView.swift in Sources */,
				108E503D2B69968C00D37AC4 /* MyPlantDetailsViewControllerDelegate.swift in Sources */,
				10E442512B59AB8300E54334 /* PlantFamilyComponentViewModel.swift in Sources */,
				10595A972B58124800419366 /* UserDefaultsKeys.swift in Sources */,
				108E50102B63F61200D37AC4 /* FontSize.swift in Sources */,
				101B0ED92B5722C00074B0E6 /* TabBarController.swift in Sources */,
				1049A7EC2B5C41F200F5A86E /* FlowerClassifier.mlmodel in Sources */,
				10595A862B5734FC00419366 /* OnboardingView.swift in Sources */,
				108E50292B650B3600D37AC4 /* PlantsContainer.xcdatamodeld in Sources */,
				1075A6262B5EBDAC0025922C /* AlertManager.swift in Sources */,
				103CED7B2B6BC8A400B41BFF /* NearMeViewController+MapKit.swift in Sources */,
				1062DB0F2B567FA3001B5AEE /* AppDelegate.swift in Sources */,
				107653032B5AE373005F7E4B /* PlantDetails.swift in Sources */,
				10E4424E2B59578500E54334 /* PlantFamilies.swift in Sources */,
				108E50302B651A8C00D37AC4 /* MyGardenViewModelDelegate.swift in Sources */,
				108E50342B66E71400D37AC4 /* LocalFileManager.swift in Sources */,
				107652FE2B5AAE03005F7E4B /* PlantDetailsView.swift in Sources */,
				10E4424C2B594BB700E54334 /* PlantFamilyComponentView.swift in Sources */,
				108E50042B63C9C900D37AC4 /* CustomUITextView.swift in Sources */,
				108E503F2B6997E400D37AC4 /* MyGardenViewController+MyPlantDetailsViewControllerDelegate.swift in Sources */,
				108E50412B699D8200D37AC4 /* AnimationManager.swift in Sources */,
				107653072B5AE8DC005F7E4B /* Router.swift in Sources */,
				108E4FFE2B62842400D37AC4 /* NotificationManager.swift in Sources */,
				108E50122B640A3600D37AC4 /* ImagePickerManager.swift in Sources */,
				108E50262B6424AE00D37AC4 /* FlowerRecognitionViewController+FlowerRecognitionViewModel.swift in Sources */,
				108E50242B64246700D37AC4 /* FlowerRecognitionViewController+ImagePicker.swift in Sources */,
				108E50152B6411D600D37AC4 /* CustomUIDividerLine.swift in Sources */,
				1062DB112B567FA3001B5AEE /* SceneDelegate.swift in Sources */,
				10595A992B58720400419366 /* HomeViewModel.swift in Sources */,
				10595A932B57D40100419366 /* DiscoverPlantView.swift in Sources */,
			);
			runOnlyForDeploymentPostprocessing = 0;
		};
		1084F25D2B725A8B00B22FD5 /* Sources */ = {
			isa = PBXSourcesBuildPhase;
			buildActionMask = 2147483647;
			files = (
				1084F2642B725A8B00B22FD5 /* GoGreenTests.swift in Sources */,
				1084F26B2B725AE500B22FD5 /* HomeViewModelTests.swift in Sources */,
			);
			runOnlyForDeploymentPostprocessing = 0;
		};
/* End PBXSourcesBuildPhase section */

/* Begin PBXTargetDependency section */
		1084F2662B725A8B00B22FD5 /* PBXTargetDependency */ = {
			isa = PBXTargetDependency;
			target = 1062DB0A2B567FA3001B5AEE /* GoGreen */;
			targetProxy = 1084F2652B725A8B00B22FD5 /* PBXContainerItemProxy */;
		};
/* End PBXTargetDependency section */

/* Begin PBXVariantGroup section */
		1062DB192B567FA4001B5AEE /* LaunchScreen.storyboard */ = {
			isa = PBXVariantGroup;
			children = (
				1062DB1A2B567FA4001B5AEE /* Base */,
			);
			name = LaunchScreen.storyboard;
			sourceTree = "<group>";
		};
/* End PBXVariantGroup section */

/* Begin XCBuildConfiguration section */
		1062DB1D2B567FA4001B5AEE /* Debug */ = {
			isa = XCBuildConfiguration;
			buildSettings = {
				ALWAYS_SEARCH_USER_PATHS = NO;
				ASSETCATALOG_COMPILER_GENERATE_SWIFT_ASSET_SYMBOL_EXTENSIONS = YES;
				CLANG_ANALYZER_NONNULL = YES;
				CLANG_ANALYZER_NUMBER_OBJECT_CONVERSION = YES_AGGRESSIVE;
				CLANG_CXX_LANGUAGE_STANDARD = "gnu++20";
				CLANG_ENABLE_MODULES = YES;
				CLANG_ENABLE_OBJC_ARC = YES;
				CLANG_ENABLE_OBJC_WEAK = YES;
				CLANG_WARN_BLOCK_CAPTURE_AUTORELEASING = YES;
				CLANG_WARN_BOOL_CONVERSION = YES;
				CLANG_WARN_COMMA = YES;
				CLANG_WARN_CONSTANT_CONVERSION = YES;
				CLANG_WARN_DEPRECATED_OBJC_IMPLEMENTATIONS = YES;
				CLANG_WARN_DIRECT_OBJC_ISA_USAGE = YES_ERROR;
				CLANG_WARN_DOCUMENTATION_COMMENTS = YES;
				CLANG_WARN_EMPTY_BODY = YES;
				CLANG_WARN_ENUM_CONVERSION = YES;
				CLANG_WARN_INFINITE_RECURSION = YES;
				CLANG_WARN_INT_CONVERSION = YES;
				CLANG_WARN_NON_LITERAL_NULL_CONVERSION = YES;
				CLANG_WARN_OBJC_IMPLICIT_RETAIN_SELF = YES;
				CLANG_WARN_OBJC_LITERAL_CONVERSION = YES;
				CLANG_WARN_OBJC_ROOT_CLASS = YES_ERROR;
				CLANG_WARN_QUOTED_INCLUDE_IN_FRAMEWORK_HEADER = YES;
				CLANG_WARN_RANGE_LOOP_ANALYSIS = YES;
				CLANG_WARN_STRICT_PROTOTYPES = YES;
				CLANG_WARN_SUSPICIOUS_MOVE = YES;
				CLANG_WARN_UNGUARDED_AVAILABILITY = YES_AGGRESSIVE;
				CLANG_WARN_UNREACHABLE_CODE = YES;
				CLANG_WARN__DUPLICATE_METHOD_MATCH = YES;
				COPY_PHASE_STRIP = NO;
				DEBUG_INFORMATION_FORMAT = dwarf;
				ENABLE_STRICT_OBJC_MSGSEND = YES;
				ENABLE_TESTABILITY = YES;
				ENABLE_USER_SCRIPT_SANDBOXING = YES;
				GCC_C_LANGUAGE_STANDARD = gnu17;
				GCC_DYNAMIC_NO_PIC = NO;
				GCC_NO_COMMON_BLOCKS = YES;
				GCC_OPTIMIZATION_LEVEL = 0;
				GCC_PREPROCESSOR_DEFINITIONS = (
					"DEBUG=1",
					"$(inherited)",
				);
				GCC_WARN_64_TO_32_BIT_CONVERSION = YES;
				GCC_WARN_ABOUT_RETURN_TYPE = YES_ERROR;
				GCC_WARN_UNDECLARED_SELECTOR = YES;
				GCC_WARN_UNINITIALIZED_AUTOS = YES_AGGRESSIVE;
				GCC_WARN_UNUSED_FUNCTION = YES;
				GCC_WARN_UNUSED_VARIABLE = YES;
				IPHONEOS_DEPLOYMENT_TARGET = 17.0;
				LOCALIZATION_PREFERS_STRING_CATALOGS = YES;
				MTL_ENABLE_DEBUG_INFO = INCLUDE_SOURCE;
				MTL_FAST_MATH = YES;
				ONLY_ACTIVE_ARCH = YES;
				SDKROOT = iphoneos;
				SWIFT_ACTIVE_COMPILATION_CONDITIONS = "DEBUG $(inherited)";
				SWIFT_OPTIMIZATION_LEVEL = "-Onone";
			};
			name = Debug;
		};
		1062DB1E2B567FA4001B5AEE /* Release */ = {
			isa = XCBuildConfiguration;
			buildSettings = {
				ALWAYS_SEARCH_USER_PATHS = NO;
				ASSETCATALOG_COMPILER_GENERATE_SWIFT_ASSET_SYMBOL_EXTENSIONS = YES;
				CLANG_ANALYZER_NONNULL = YES;
				CLANG_ANALYZER_NUMBER_OBJECT_CONVERSION = YES_AGGRESSIVE;
				CLANG_CXX_LANGUAGE_STANDARD = "gnu++20";
				CLANG_ENABLE_MODULES = YES;
				CLANG_ENABLE_OBJC_ARC = YES;
				CLANG_ENABLE_OBJC_WEAK = YES;
				CLANG_WARN_BLOCK_CAPTURE_AUTORELEASING = YES;
				CLANG_WARN_BOOL_CONVERSION = YES;
				CLANG_WARN_COMMA = YES;
				CLANG_WARN_CONSTANT_CONVERSION = YES;
				CLANG_WARN_DEPRECATED_OBJC_IMPLEMENTATIONS = YES;
				CLANG_WARN_DIRECT_OBJC_ISA_USAGE = YES_ERROR;
				CLANG_WARN_DOCUMENTATION_COMMENTS = YES;
				CLANG_WARN_EMPTY_BODY = YES;
				CLANG_WARN_ENUM_CONVERSION = YES;
				CLANG_WARN_INFINITE_RECURSION = YES;
				CLANG_WARN_INT_CONVERSION = YES;
				CLANG_WARN_NON_LITERAL_NULL_CONVERSION = YES;
				CLANG_WARN_OBJC_IMPLICIT_RETAIN_SELF = YES;
				CLANG_WARN_OBJC_LITERAL_CONVERSION = YES;
				CLANG_WARN_OBJC_ROOT_CLASS = YES_ERROR;
				CLANG_WARN_QUOTED_INCLUDE_IN_FRAMEWORK_HEADER = YES;
				CLANG_WARN_RANGE_LOOP_ANALYSIS = YES;
				CLANG_WARN_STRICT_PROTOTYPES = YES;
				CLANG_WARN_SUSPICIOUS_MOVE = YES;
				CLANG_WARN_UNGUARDED_AVAILABILITY = YES_AGGRESSIVE;
				CLANG_WARN_UNREACHABLE_CODE = YES;
				CLANG_WARN__DUPLICATE_METHOD_MATCH = YES;
				COPY_PHASE_STRIP = NO;
				DEBUG_INFORMATION_FORMAT = "dwarf-with-dsym";
				ENABLE_NS_ASSERTIONS = NO;
				ENABLE_STRICT_OBJC_MSGSEND = YES;
				ENABLE_USER_SCRIPT_SANDBOXING = YES;
				GCC_C_LANGUAGE_STANDARD = gnu17;
				GCC_NO_COMMON_BLOCKS = YES;
				GCC_WARN_64_TO_32_BIT_CONVERSION = YES;
				GCC_WARN_ABOUT_RETURN_TYPE = YES_ERROR;
				GCC_WARN_UNDECLARED_SELECTOR = YES;
				GCC_WARN_UNINITIALIZED_AUTOS = YES_AGGRESSIVE;
				GCC_WARN_UNUSED_FUNCTION = YES;
				GCC_WARN_UNUSED_VARIABLE = YES;
				IPHONEOS_DEPLOYMENT_TARGET = 17.0;
				LOCALIZATION_PREFERS_STRING_CATALOGS = YES;
				MTL_ENABLE_DEBUG_INFO = NO;
				MTL_FAST_MATH = YES;
				SDKROOT = iphoneos;
				SWIFT_COMPILATION_MODE = wholemodule;
				VALIDATE_PRODUCT = YES;
			};
			name = Release;
		};
		1062DB202B567FA4001B5AEE /* Debug */ = {
			isa = XCBuildConfiguration;
			buildSettings = {
				ASSETCATALOG_COMPILER_APPICON_NAME = AppIcon;
				ASSETCATALOG_COMPILER_GLOBAL_ACCENT_COLOR_NAME = AccentColor;
				CODE_SIGN_STYLE = Automatic;
				CURRENT_PROJECT_VERSION = 1;
				DEVELOPMENT_TEAM = K36T666ZM6;
				GENERATE_INFOPLIST_FILE = YES;
				INFOPLIST_FILE = GoGreen/Info.plist;
				INFOPLIST_KEY_NSCameraUsageDescription = "Would like to scan images for search";
				INFOPLIST_KEY_NSLocationWhenInUseUsageDescription = "For finding plant stores near you, we need to know your location";
				INFOPLIST_KEY_UIApplicationSupportsIndirectInputEvents = YES;
				INFOPLIST_KEY_UILaunchStoryboardName = LaunchScreen;
				INFOPLIST_KEY_UIMainStoryboardFile = "";
				INFOPLIST_KEY_UISupportedInterfaceOrientations_iPad = "UIInterfaceOrientationPortrait UIInterfaceOrientationPortraitUpsideDown UIInterfaceOrientationLandscapeLeft UIInterfaceOrientationLandscapeRight";
				INFOPLIST_KEY_UISupportedInterfaceOrientations_iPhone = "UIInterfaceOrientationPortrait UIInterfaceOrientationLandscapeLeft UIInterfaceOrientationLandscapeRight";
				IPHONEOS_DEPLOYMENT_TARGET = 16.0;
				LD_RUNPATH_SEARCH_PATHS = (
					"$(inherited)",
					"@executable_path/Frameworks",
				);
				MARKETING_VERSION = 1.0;
				PRODUCT_BUNDLE_IDENTIFIER = com.andria.GoGreen;
				PRODUCT_NAME = "$(TARGET_NAME)";
				SWIFT_EMIT_LOC_STRINGS = YES;
				SWIFT_VERSION = 5.0;
				TARGETED_DEVICE_FAMILY = "1,2";
			};
			name = Debug;
		};
		1062DB212B567FA4001B5AEE /* Release */ = {
			isa = XCBuildConfiguration;
			buildSettings = {
				ASSETCATALOG_COMPILER_APPICON_NAME = AppIcon;
				ASSETCATALOG_COMPILER_GLOBAL_ACCENT_COLOR_NAME = AccentColor;
				CODE_SIGN_STYLE = Automatic;
				CURRENT_PROJECT_VERSION = 1;
				DEVELOPMENT_TEAM = K36T666ZM6;
				GENERATE_INFOPLIST_FILE = YES;
				INFOPLIST_FILE = GoGreen/Info.plist;
				INFOPLIST_KEY_NSCameraUsageDescription = "Would like to scan images for search";
				INFOPLIST_KEY_NSLocationWhenInUseUsageDescription = "For finding plant stores near you, we need to know your location";
				INFOPLIST_KEY_UIApplicationSupportsIndirectInputEvents = YES;
				INFOPLIST_KEY_UILaunchStoryboardName = LaunchScreen;
				INFOPLIST_KEY_UIMainStoryboardFile = "";
				INFOPLIST_KEY_UISupportedInterfaceOrientations_iPad = "UIInterfaceOrientationPortrait UIInterfaceOrientationPortraitUpsideDown UIInterfaceOrientationLandscapeLeft UIInterfaceOrientationLandscapeRight";
				INFOPLIST_KEY_UISupportedInterfaceOrientations_iPhone = "UIInterfaceOrientationPortrait UIInterfaceOrientationLandscapeLeft UIInterfaceOrientationLandscapeRight";
				IPHONEOS_DEPLOYMENT_TARGET = 16.0;
				LD_RUNPATH_SEARCH_PATHS = (
					"$(inherited)",
					"@executable_path/Frameworks",
				);
				MARKETING_VERSION = 1.0;
				PRODUCT_BUNDLE_IDENTIFIER = com.andria.GoGreen;
				PRODUCT_NAME = "$(TARGET_NAME)";
				SWIFT_EMIT_LOC_STRINGS = YES;
				SWIFT_VERSION = 5.0;
				TARGETED_DEVICE_FAMILY = "1,2";
			};
			name = Release;
		};
		1084F2672B725A8B00B22FD5 /* Debug */ = {
			isa = XCBuildConfiguration;
			buildSettings = {
				BUNDLE_LOADER = "$(TEST_HOST)";
				CODE_SIGN_STYLE = Automatic;
				CURRENT_PROJECT_VERSION = 1;
				DEVELOPMENT_TEAM = 87CWSKX54K;
				GENERATE_INFOPLIST_FILE = YES;
				MARKETING_VERSION = 1.0;
				PRODUCT_BUNDLE_IDENTIFIER = com.andria.GoGreenTests;
				PRODUCT_NAME = "$(TARGET_NAME)";
				SWIFT_EMIT_LOC_STRINGS = NO;
				SWIFT_VERSION = 5.0;
				TARGETED_DEVICE_FAMILY = "1,2";
				TEST_HOST = "$(BUILT_PRODUCTS_DIR)/GoGreen.app/$(BUNDLE_EXECUTABLE_FOLDER_PATH)/GoGreen";
			};
			name = Debug;
		};
		1084F2682B725A8B00B22FD5 /* Release */ = {
			isa = XCBuildConfiguration;
			buildSettings = {
				BUNDLE_LOADER = "$(TEST_HOST)";
				CODE_SIGN_STYLE = Automatic;
				CURRENT_PROJECT_VERSION = 1;
				DEVELOPMENT_TEAM = 87CWSKX54K;
				GENERATE_INFOPLIST_FILE = YES;
				MARKETING_VERSION = 1.0;
				PRODUCT_BUNDLE_IDENTIFIER = com.andria.GoGreenTests;
				PRODUCT_NAME = "$(TARGET_NAME)";
				SWIFT_EMIT_LOC_STRINGS = NO;
				SWIFT_VERSION = 5.0;
				TARGETED_DEVICE_FAMILY = "1,2";
				TEST_HOST = "$(BUILT_PRODUCTS_DIR)/GoGreen.app/$(BUNDLE_EXECUTABLE_FOLDER_PATH)/GoGreen";
			};
			name = Release;
		};
/* End XCBuildConfiguration section */

/* Begin XCConfigurationList section */
		1062DB062B567FA3001B5AEE /* Build configuration list for PBXProject "GoGreen" */ = {
			isa = XCConfigurationList;
			buildConfigurations = (
				1062DB1D2B567FA4001B5AEE /* Debug */,
				1062DB1E2B567FA4001B5AEE /* Release */,
			);
			defaultConfigurationIsVisible = 0;
			defaultConfigurationName = Release;
		};
		1062DB1F2B567FA4001B5AEE /* Build configuration list for PBXNativeTarget "GoGreen" */ = {
			isa = XCConfigurationList;
			buildConfigurations = (
				1062DB202B567FA4001B5AEE /* Debug */,
				1062DB212B567FA4001B5AEE /* Release */,
			);
			defaultConfigurationIsVisible = 0;
			defaultConfigurationName = Release;
		};
		1084F2692B725A8B00B22FD5 /* Build configuration list for PBXNativeTarget "GoGreenTests" */ = {
			isa = XCConfigurationList;
			buildConfigurations = (
				1084F2672B725A8B00B22FD5 /* Debug */,
				1084F2682B725A8B00B22FD5 /* Release */,
			);
			defaultConfigurationIsVisible = 0;
			defaultConfigurationName = Release;
		};
/* End XCConfigurationList section */

/* Begin XCRemoteSwiftPackageReference section */
		1062DB2A2B569608001B5AEE /* XCRemoteSwiftPackageReference "NetworkManager" */ = {
			isa = XCRemoteSwiftPackageReference;
			repositoryURL = "https://github.com/Andria35/NetworkManager.git";
			requirement = {
				branch = main;
				kind = branch;
			};
		};
/* End XCRemoteSwiftPackageReference section */

/* Begin XCSwiftPackageProductDependency section */
		1062DB2B2B569608001B5AEE /* NetworkManager */ = {
			isa = XCSwiftPackageProductDependency;
			package = 1062DB2A2B569608001B5AEE /* XCRemoteSwiftPackageReference "NetworkManager" */;
			productName = NetworkManager;
		};
/* End XCSwiftPackageProductDependency section */

/* Begin XCVersionGroup section */
		108E50272B650B3600D37AC4 /* PlantsContainer.xcdatamodeld */ = {
			isa = XCVersionGroup;
			children = (
				108E50282B650B3600D37AC4 /* PlantsContainer.xcdatamodel */,
			);
			currentVersion = 108E50282B650B3600D37AC4 /* PlantsContainer.xcdatamodel */;
			path = PlantsContainer.xcdatamodeld;
			sourceTree = "<group>";
			versionGroupType = wrapper.xcdatamodel;
		};
/* End XCVersionGroup section */
	};
	rootObject = 1062DB032B567FA3001B5AEE /* Project object */;
}
